Microsoft Visual Studio Solution File, Format Version 12.00
# Visual Studio 15
VisualStudioVersion = 15.0.27130.2027
MinimumVisualStudioVersion = 10.0.40219.1
Project("{9A19103F-16F7-4668-BE54-9A1E7A4F7556}") = "Firestorm.Core", "src\Firestorm.Core\Firestorm.Core.csproj", "{8A8BFE0E-1545-4152-96FC-23E72F1D0DF2}"
EndProject
Project("{9A19103F-16F7-4668-BE54-9A1E7A4F7556}") = "Firestorm.EntityFramework6", "src\Firestorm.EntityFramework6\Firestorm.EntityFramework6.csproj", "{CD4E5183-CB9C-433D-86DF-FC0F5A16B94B}"
EndProject
Project("{9A19103F-16F7-4668-BE54-9A1E7A4F7556}") = "Firestorm.AspNetWebApi2", "src\Firestorm.AspNetWebApi2\Firestorm.AspNetWebApi2.csproj", "{44FBE17A-1E96-4E43-A20F-B1806DB6AF98}"
EndProject
Project("{9A19103F-16F7-4668-BE54-9A1E7A4F7556}") = "Firestorm.Endpoints", "src\Firestorm.Endpoints\Firestorm.Endpoints.csproj", "{B629974F-C31F-4E05-8AD7-CD137DC84505}"
EndProject
Project("{9A19103F-16F7-4668-BE54-9A1E7A4F7556}") = "Firestorm.Engine", "src\Firestorm.Engine\Firestorm.Engine.csproj", "{AAE9E7FF-8EE5-4CA0-87CF-7E0026E62CC7}"
EndProject
Project("{9A19103F-16F7-4668-BE54-9A1E7A4F7556}") = "Firestorm.Owin", "src\Firestorm.Owin\Firestorm.Owin.csproj", "{BE5C7EC3-7379-4D87-89EB-F3705182B873}"
EndProject
Project("{2150E333-8FDC-42A3-9474-1A3956D46DE8}") = "Library", "Library", "{C2F6430A-4C2E-495B-9556-7EF1A3A1C2B8}"
EndProject
Project("{2150E333-8FDC-42A3-9474-1A3956D46DE8}") = "Tests", "Tests", "{8F0499A9-8EBD-4C79-9555-F29F29B9A734}"
EndProject
Project("{9A19103F-16F7-4668-BE54-9A1E7A4F7556}") = "Firestorm.Client", "src\Firestorm.Client\Firestorm.Client.csproj", "{AD76D2CC-3AEC-424C-B2BE-67084A0EFE43}"
EndProject
Project("{2150E333-8FDC-42A3-9474-1A3956D46DE8}") = "_Core", "_Core", "{08517E60-A9EA-4803-AB2D-5A15C6608C3E}"
EndProject
Project("{9A19103F-16F7-4668-BE54-9A1E7A4F7556}") = "Firestorm.Engine.Additives", "src\Firestorm.Engine.Additives\Firestorm.Engine.Additives.csproj", "{F482D521-0DDF-4703-B9EA-568652DB669A}"
EndProject
Project("{9A19103F-16F7-4668-BE54-9A1E7A4F7556}") = "Firestorm.Rest.Web", "src\Firestorm.Rest.Web\Firestorm.Rest.Web.csproj", "{318AA51A-C5C1-40D0-B3AB-D15CFF4565FC}"
EndProject
Project("{2150E333-8FDC-42A3-9474-1A3956D46DE8}") = "Engine", "Engine", "{FA828466-0901-42FA-8BE9-FE3DA18E589D}"
EndProject
Project("{2150E333-8FDC-42A3-9474-1A3956D46DE8}") = "Endpoints", "Endpoints", "{34A7625D-A639-4855-B49F-FA1EF91377A4}"
EndProject
Project("{9A19103F-16F7-4668-BE54-9A1E7A4F7556}") = "Firestorm.Stems", "src\Firestorm.Stems\Firestorm.Stems.csproj", "{6984B285-11D0-418B-A973-7D98C81A39E2}"
EndProject
Project("{2150E333-8FDC-42A3-9474-1A3956D46DE8}") = "Stems", "Stems", "{C7F0DB78-F8D7-4074-A2D7-A14490AAA398}"
EndProject
Project("{2150E333-8FDC-42A3-9474-1A3956D46DE8}") = "Unit", "Unit", "{D8DE754F-9C93-49C4-9117-B0CB7ABBA023}"
EndProject
Project("{2150E333-8FDC-42A3-9474-1A3956D46DE8}") = "Integration", "Integration", "{1A353687-93AC-4112-87CF-42CFE6E2F84C}"
EndProject
Project("{9A19103F-16F7-4668-BE54-9A1E7A4F7556}") = "Firestorm.Stems.FunctionalTests", "tests\Firestorm.Stems.FunctionalTests\Firestorm.Stems.FunctionalTests.csproj", "{306B8FC0-EF02-423E-8D6B-6BCE8141FF52}"
EndProject
Project("{9A19103F-16F7-4668-BE54-9A1E7A4F7556}") = "Firestorm.Endpoints.Formatting", "src\Firestorm.Endpoints.Formatting\Firestorm.Endpoints.Formatting.csproj", "{E172D3FF-C931-495E-A5DB-3AF5C45B26AF}"
EndProject
Project("{9A19103F-16F7-4668-BE54-9A1E7A4F7556}") = "Firestorm.Stems.Fuel", "src\Firestorm.Stems.Fuel\Firestorm.Stems.Fuel.csproj", "{5203A93D-8BB7-4852-B38C-1B867D00C005}"
EndProject
Project("{9A19103F-16F7-4668-BE54-9A1E7A4F7556}") = "Firestorm.AspNetCore2", "src\Firestorm.AspNetCore2\Firestorm.AspNetCore2.csproj", "{493EE624-7E8F-47DC-B3BD-F5A83C3E4068}"
EndProject
Project("{2150E333-8FDC-42A3-9474-1A3956D46DE8}") = "Web", "Web", "{17B2F597-9A74-4B24-83E1-07CD8FF9B9B5}"
EndProject
Project("{9A19103F-16F7-4668-BE54-9A1E7A4F7556}") = "Firestorm.Data", "src\Firestorm.Data\Firestorm.Data.csproj", "{16B05383-6F76-470C-BAB4-6FE8DE61EBAA}"
EndProject
Project("{2150E333-8FDC-42A3-9474-1A3956D46DE8}") = "Entities", "Entities", "{70DAB166-3BB2-4585-A8E7-C255E898D777}"
EndProject
Project("{9A19103F-16F7-4668-BE54-9A1E7A4F7556}") = "Firestorm.AspNetCore2.IntegrationTests", "tests\Firestorm.AspNetCore2.IntegrationTests\Firestorm.AspNetCore2.IntegrationTests.csproj", "{93A1D90B-E5E8-4DB1-ABCA-F6DBBC162B0C}"
EndProject
Project("{9A19103F-16F7-4668-BE54-9A1E7A4F7556}") = "Firestorm.Testing.Http", "tests\Firestorm.Testing.Http\Firestorm.Testing.Http.csproj", "{FC008C16-D570-450B-8A62-6064E80595EB}"
EndProject
Project("{9A19103F-16F7-4668-BE54-9A1E7A4F7556}") = "Firestorm.Testing.Data", "tests\Firestorm.Testing.Data\Firestorm.Testing.Data.csproj", "{EC9ABBE4-01A9-4F8F-BEA8-CFB0F2E1B4E4}"
EndProject
Project("{9A19103F-16F7-4668-BE54-9A1E7A4F7556}") = "Firestorm.EntityFrameworkCore2.IntegrationTests", "tests\Firestorm.EntityFrameworkCore2.IntegrationTests\Firestorm.EntityFrameworkCore2.IntegrationTests.csproj", "{7F0D2B4F-2BD3-4F17-867B-94EF4CB3E2DE}"
EndProject
Project("{9A19103F-16F7-4668-BE54-9A1E7A4F7556}") = "Firestorm.EntityFramework6.IntegrationTests", "tests\Firestorm.EntityFramework6.IntegrationTests\Firestorm.EntityFramework6.IntegrationTests.csproj", "{0EE1D7CB-6107-419E-9884-1D50A0DF7306}"
EndProject
Project("{2150E333-8FDC-42A3-9474-1A3956D46DE8}") = "Client", "Client", "{96A6A15D-4B88-4732-A83D-BDBB235B8589}"
EndProject
Project("{9A19103F-16F7-4668-BE54-9A1E7A4F7556}") = "Firestorm.Stems.IntegrationTests", "tests\Firestorm.Stems.IntegrationTests\Firestorm.Stems.IntegrationTests.csproj", "{3312904B-E11E-4934-8752-DBC0250D61E5}"
EndProject
Project("{9A19103F-16F7-4668-BE54-9A1E7A4F7556}") = "Firestorm.Engine.Implementation", "src\Firestorm.Engine.Implementation\Firestorm.Engine.Implementation.csproj", "{908D22E4-1CC9-4B96-A470-9C79EE529D78}"
EndProject
Project("{9A19103F-16F7-4668-BE54-9A1E7A4F7556}") = "Firestorm.EntityFrameworkCore2", "src\Firestorm.EntityFrameworkCore2\Firestorm.EntityFrameworkCore2.csproj", "{619EA714-F180-4D6E-81DE-8611275B2FDB}"
EndProject
Project("{9A19103F-16F7-4668-BE54-9A1E7A4F7556}") = "Firestorm.Stems.Roots", "src\Firestorm.Stems.Roots\Firestorm.Stems.Roots.csproj", "{B98E059F-AF65-4064-BE81-0D01B3EB0D9E}"
EndProject
Project("{2150E333-8FDC-42A3-9474-1A3956D46DE8}") = "Fluent", "Fluent", "{3B09F420-8C13-4A60-ACC0-41E9F0AF48F8}"
EndProject
Project("{9A19103F-16F7-4668-BE54-9A1E7A4F7556}") = "Firestorm.Fluent", "src\Firestorm.Fluent\Firestorm.Fluent.csproj", "{C2141E8C-7060-446F-BF9F-1F37B64F72D2}"
EndProject
Project("{9A19103F-16F7-4668-BE54-9A1E7A4F7556}") = "Firestorm.Fluent.Fuel", "src\Firestorm.Fluent.Fuel\Firestorm.Fluent.Fuel.csproj", "{0710A765-E0DF-4E04-A088-0AAF154FE40A}"
EndProject
Project("{9A19103F-16F7-4668-BE54-9A1E7A4F7556}") = "Firestorm.Engine.Subs", "src\Firestorm.Engine.Subs\Firestorm.Engine.Subs.csproj", "{33EE0031-B1AA-4C02-912E-86A29413D039}"
EndProject
Project("{9A19103F-16F7-4668-BE54-9A1E7A4F7556}") = "Firestorm.Endpoints.Responses", "src\Firestorm.Endpoints.Responses\Firestorm.Endpoints.Responses.csproj", "{BF21E40E-5ECB-4407-956D-CE1AC624C431}"
EndProject
Project("{9A19103F-16F7-4668-BE54-9A1E7A4F7556}") = "Firestorm.Fluent.IntegrationTests", "tests\Firestorm.Fluent.IntegrationTests\Firestorm.Fluent.IntegrationTests.csproj", "{61421B86-680A-451E-AC0D-3E5837515809}"
EndProject
Project("{9A19103F-16F7-4668-BE54-9A1E7A4F7556}") = "Firestorm.FunctionalTests", "tests\Firestorm.FunctionalTests\Firestorm.FunctionalTests.csproj", "{30DD9A72-A393-41D1-BF98-CBA1BF82F6DF}"
EndProject
Project("{9A19103F-16F7-4668-BE54-9A1E7A4F7556}") = "Firestorm.Endpoints.Implementation", "src\Firestorm.Endpoints.Implementation\Firestorm.Endpoints.Implementation.csproj", "{F00AEB35-21EB-4AB6-B8CA-06071C11667F}"
EndProject
Project("{FAE04EC0-301F-11D3-BF4B-00C04F79EFBC}") = "Firestorm.Host", "src\Firestorm.Host\Firestorm.Host.csproj", "{2CAAEBFC-C40E-463A-A6B7-55E00DA701AA}"
EndProject
Project("{FAE04EC0-301F-11D3-BF4B-00C04F79EFBC}") = "Firestorm.Rest", "src\Firestorm.Rest\Firestorm.Rest.csproj", "{5D21BA67-8519-412D-9487-ECE0D9AA1949}"
EndProject
Project("{FAE04EC0-301F-11D3-BF4B-00C04F79EFBC}") = "Firestorm.Endpoints.Core", "src\Firestorm.Endpoints.Core\Firestorm.Endpoints.Core.csproj", "{6914EBED-810B-416E-9771-A1AC1BD4BEC3}"
EndProject
Project("{FAE04EC0-301F-11D3-BF4B-00C04F79EFBC}") = "Firestorm.Engine.Core", "src\Firestorm.Engine.Core\Firestorm.Engine.Core.csproj", "{3FA68B29-BB3D-4FFA-B6E2-7234D009CDE9}"
EndProject
Project("{FAE04EC0-301F-11D3-BF4B-00C04F79EFBC}") = "Firestorm.Fluent.Core", "src\Firestorm.Fluent.Core\Firestorm.Fluent.Core.csproj", "{1B1F1984-8C59-4D40-B529-8B734A6384C8}"
EndProject
Project("{FAE04EC0-301F-11D3-BF4B-00C04F79EFBC}") = "Firestorm.Stems.Core", "src\Firestorm.Stems.Core\Firestorm.Stems.Core.csproj", "{A2F5FAA9-3212-4613-807A-284EB39534C8}"
EndProject
Project("{FAE04EC0-301F-11D3-BF4B-00C04F79EFBC}") = "Firestorm.Stems.Essentials", "src\Firestorm.Stems.Essentials\Firestorm.Stems.Essentials.csproj", "{870FC38F-5811-41FB-A42A-9965AF26C201}"
EndProject
Project("{2150E333-8FDC-42A3-9474-1A3956D46DE8}") = "_Testing", "_Testing", "{33A230CD-37B2-455D-AE98-F8917AD6F158}"
EndProject
Project("{FAE04EC0-301F-11D3-BF4B-00C04F79EFBC}") = "Firestorm.Client.Tests", "tests\Firestorm.Client.Tests\Firestorm.Client.Tests.csproj", "{5FA35477-8BBC-42C3-A41D-133B04707C69}"
EndProject
Project("{FAE04EC0-301F-11D3-BF4B-00C04F79EFBC}") = "Firestorm.Data.Tests", "tests\Firestorm.Data.Tests\Firestorm.Data.Tests.csproj", "{B39D8950-1C30-488B-A166-5323ECE1C6EA}"
EndProject
Project("{FAE04EC0-301F-11D3-BF4B-00C04F79EFBC}") = "Firestorm.Endpoints.Tests", "tests\Firestorm.Endpoints.Tests\Firestorm.Endpoints.Tests.csproj", "{52F77E09-5273-4909-A71A-07A693CAEAD4}"
EndProject
Project("{FAE04EC0-301F-11D3-BF4B-00C04F79EFBC}") = "Firestorm.Engine.Tests", "tests\Firestorm.Engine.Tests\Firestorm.Engine.Tests.csproj", "{FD8A797B-6CC3-4C4F-9E0D-8DF581F37649}"
EndProject
Project("{FAE04EC0-301F-11D3-BF4B-00C04F79EFBC}") = "Firestorm.Stems.Tests", "tests\Firestorm.Stems.Tests\Firestorm.Stems.Tests.csproj", "{86D0FCB7-7B52-4BB4-AFF9-ABB9F1CF583D}"
EndProject
Project("{2150E333-8FDC-42A3-9474-1A3956D46DE8}") = "Functional", "Functional", "{8637EC3F-59AC-44AA-8248-05A60C7CDCFC}"
EndProject
Project("{FAE04EC0-301F-11D3-BF4B-00C04F79EFBC}") = "Firestorm.Owin.IntegrationTests", "tests\Firestorm.Owin.IntegrationTests\Firestorm.Owin.IntegrationTests.csproj", "{BD3FF89B-7D36-4316-9FBD-A6323BCE44A2}"
EndProject
Project("{FAE04EC0-301F-11D3-BF4B-00C04F79EFBC}") = "Firestorm.AspNetWebApi2.IntegrationTests", "tests\Firestorm.AspNetWebApi2.IntegrationTests\Firestorm.AspNetWebApi2.IntegrationTests.csproj", "{7308E9CC-066E-45EF-9F30-02D1A61CF70A}"
EndProject
Project("{FAE04EC0-301F-11D3-BF4B-00C04F79EFBC}") = "Firestorm.Testing", "tests\Firestorm.Testing\Firestorm.Testing.csproj", "{F86C93FA-558B-4BD7-87BF-1E770DD5FE79}"
EndProject
Project("{FAE04EC0-301F-11D3-BF4B-00C04F79EFBC}") = "Firestorm.Client.IntegrationTests", "tests\Firestorm.Client.IntegrationTests\Firestorm.Client.IntegrationTests.csproj", "{4BCC6C25-78E6-4429-BCDD-54B8088D8779}"
EndProject
Project("{2150E333-8FDC-42A3-9474-1A3956D46DE8}") = "Build", "Build", "{E0F2909F-4BED-496D-BA68-24814D5CEA4F}"
ProjectSection(SolutionItems) = preProject
	appveyor.yml = appveyor.yml
	build.ps1 = build.ps1
	Directory.Build.props = Directory.Build.props
EndProjectSection
EndProject
Project("{FAE04EC0-301F-11D3-BF4B-00C04F79EFBC}") = "Firestorm", "src\Firestorm\Firestorm.csproj", "{C050C32D-E291-404D-9664-4665CB0782B2}"
EndProject
Global
	GlobalSection(SolutionConfigurationPlatforms) = preSolution
		Debug|Any CPU = Debug|Any CPU
		Release|Any CPU = Release|Any CPU
	EndGlobalSection
	GlobalSection(ProjectConfigurationPlatforms) = postSolution
		{8A8BFE0E-1545-4152-96FC-23E72F1D0DF2}.Debug|Any CPU.ActiveCfg = Debug|Any CPU
		{8A8BFE0E-1545-4152-96FC-23E72F1D0DF2}.Debug|Any CPU.Build.0 = Debug|Any CPU
		{8A8BFE0E-1545-4152-96FC-23E72F1D0DF2}.Release|Any CPU.ActiveCfg = Release|Any CPU
		{8A8BFE0E-1545-4152-96FC-23E72F1D0DF2}.Release|Any CPU.Build.0 = Release|Any CPU
		{CD4E5183-CB9C-433D-86DF-FC0F5A16B94B}.Debug|Any CPU.ActiveCfg = Debug|Any CPU
		{CD4E5183-CB9C-433D-86DF-FC0F5A16B94B}.Debug|Any CPU.Build.0 = Debug|Any CPU
		{CD4E5183-CB9C-433D-86DF-FC0F5A16B94B}.Release|Any CPU.ActiveCfg = Release|Any CPU
		{CD4E5183-CB9C-433D-86DF-FC0F5A16B94B}.Release|Any CPU.Build.0 = Release|Any CPU
		{44FBE17A-1E96-4E43-A20F-B1806DB6AF98}.Debug|Any CPU.ActiveCfg = Debug|Any CPU
		{44FBE17A-1E96-4E43-A20F-B1806DB6AF98}.Debug|Any CPU.Build.0 = Debug|Any CPU
		{44FBE17A-1E96-4E43-A20F-B1806DB6AF98}.Release|Any CPU.ActiveCfg = Release|Any CPU
		{44FBE17A-1E96-4E43-A20F-B1806DB6AF98}.Release|Any CPU.Build.0 = Release|Any CPU
		{B629974F-C31F-4E05-8AD7-CD137DC84505}.Debug|Any CPU.ActiveCfg = Debug|Any CPU
		{B629974F-C31F-4E05-8AD7-CD137DC84505}.Debug|Any CPU.Build.0 = Debug|Any CPU
		{B629974F-C31F-4E05-8AD7-CD137DC84505}.Release|Any CPU.ActiveCfg = Release|Any CPU
		{B629974F-C31F-4E05-8AD7-CD137DC84505}.Release|Any CPU.Build.0 = Release|Any CPU
		{AAE9E7FF-8EE5-4CA0-87CF-7E0026E62CC7}.Debug|Any CPU.ActiveCfg = Debug|Any CPU
		{AAE9E7FF-8EE5-4CA0-87CF-7E0026E62CC7}.Debug|Any CPU.Build.0 = Debug|Any CPU
		{AAE9E7FF-8EE5-4CA0-87CF-7E0026E62CC7}.Release|Any CPU.ActiveCfg = Release|Any CPU
		{AAE9E7FF-8EE5-4CA0-87CF-7E0026E62CC7}.Release|Any CPU.Build.0 = Release|Any CPU
		{BE5C7EC3-7379-4D87-89EB-F3705182B873}.Debug|Any CPU.ActiveCfg = Debug|Any CPU
		{BE5C7EC3-7379-4D87-89EB-F3705182B873}.Debug|Any CPU.Build.0 = Debug|Any CPU
		{BE5C7EC3-7379-4D87-89EB-F3705182B873}.Release|Any CPU.ActiveCfg = Release|Any CPU
		{BE5C7EC3-7379-4D87-89EB-F3705182B873}.Release|Any CPU.Build.0 = Release|Any CPU
		{AD76D2CC-3AEC-424C-B2BE-67084A0EFE43}.Debug|Any CPU.ActiveCfg = Debug|Any CPU
		{AD76D2CC-3AEC-424C-B2BE-67084A0EFE43}.Debug|Any CPU.Build.0 = Debug|Any CPU
		{AD76D2CC-3AEC-424C-B2BE-67084A0EFE43}.Release|Any CPU.ActiveCfg = Release|Any CPU
		{AD76D2CC-3AEC-424C-B2BE-67084A0EFE43}.Release|Any CPU.Build.0 = Release|Any CPU
		{F482D521-0DDF-4703-B9EA-568652DB669A}.Debug|Any CPU.ActiveCfg = Debug|Any CPU
		{F482D521-0DDF-4703-B9EA-568652DB669A}.Debug|Any CPU.Build.0 = Debug|Any CPU
		{F482D521-0DDF-4703-B9EA-568652DB669A}.Release|Any CPU.ActiveCfg = Release|Any CPU
		{F482D521-0DDF-4703-B9EA-568652DB669A}.Release|Any CPU.Build.0 = Release|Any CPU
		{318AA51A-C5C1-40D0-B3AB-D15CFF4565FC}.Debug|Any CPU.ActiveCfg = Debug|Any CPU
		{318AA51A-C5C1-40D0-B3AB-D15CFF4565FC}.Debug|Any CPU.Build.0 = Debug|Any CPU
		{318AA51A-C5C1-40D0-B3AB-D15CFF4565FC}.Release|Any CPU.ActiveCfg = Release|Any CPU
		{318AA51A-C5C1-40D0-B3AB-D15CFF4565FC}.Release|Any CPU.Build.0 = Release|Any CPU
		{6984B285-11D0-418B-A973-7D98C81A39E2}.Debug|Any CPU.ActiveCfg = Debug|Any CPU
		{6984B285-11D0-418B-A973-7D98C81A39E2}.Debug|Any CPU.Build.0 = Debug|Any CPU
		{6984B285-11D0-418B-A973-7D98C81A39E2}.Release|Any CPU.ActiveCfg = Release|Any CPU
		{6984B285-11D0-418B-A973-7D98C81A39E2}.Release|Any CPU.Build.0 = Release|Any CPU
		{306B8FC0-EF02-423E-8D6B-6BCE8141FF52}.Debug|Any CPU.ActiveCfg = Debug|Any CPU
		{306B8FC0-EF02-423E-8D6B-6BCE8141FF52}.Debug|Any CPU.Build.0 = Debug|Any CPU
		{306B8FC0-EF02-423E-8D6B-6BCE8141FF52}.Release|Any CPU.ActiveCfg = Release|Any CPU
		{306B8FC0-EF02-423E-8D6B-6BCE8141FF52}.Release|Any CPU.Build.0 = Release|Any CPU
		{E172D3FF-C931-495E-A5DB-3AF5C45B26AF}.Debug|Any CPU.ActiveCfg = Debug|Any CPU
		{E172D3FF-C931-495E-A5DB-3AF5C45B26AF}.Debug|Any CPU.Build.0 = Debug|Any CPU
		{E172D3FF-C931-495E-A5DB-3AF5C45B26AF}.Release|Any CPU.ActiveCfg = Release|Any CPU
		{E172D3FF-C931-495E-A5DB-3AF5C45B26AF}.Release|Any CPU.Build.0 = Release|Any CPU
		{5203A93D-8BB7-4852-B38C-1B867D00C005}.Debug|Any CPU.ActiveCfg = Debug|Any CPU
		{5203A93D-8BB7-4852-B38C-1B867D00C005}.Debug|Any CPU.Build.0 = Debug|Any CPU
		{5203A93D-8BB7-4852-B38C-1B867D00C005}.Release|Any CPU.ActiveCfg = Release|Any CPU
		{5203A93D-8BB7-4852-B38C-1B867D00C005}.Release|Any CPU.Build.0 = Release|Any CPU
		{493EE624-7E8F-47DC-B3BD-F5A83C3E4068}.Debug|Any CPU.ActiveCfg = Debug|Any CPU
		{493EE624-7E8F-47DC-B3BD-F5A83C3E4068}.Debug|Any CPU.Build.0 = Debug|Any CPU
		{493EE624-7E8F-47DC-B3BD-F5A83C3E4068}.Release|Any CPU.ActiveCfg = Release|Any CPU
		{493EE624-7E8F-47DC-B3BD-F5A83C3E4068}.Release|Any CPU.Build.0 = Release|Any CPU
		{16B05383-6F76-470C-BAB4-6FE8DE61EBAA}.Debug|Any CPU.ActiveCfg = Debug|Any CPU
		{16B05383-6F76-470C-BAB4-6FE8DE61EBAA}.Debug|Any CPU.Build.0 = Debug|Any CPU
		{16B05383-6F76-470C-BAB4-6FE8DE61EBAA}.Release|Any CPU.ActiveCfg = Release|Any CPU
		{16B05383-6F76-470C-BAB4-6FE8DE61EBAA}.Release|Any CPU.Build.0 = Release|Any CPU
		{93A1D90B-E5E8-4DB1-ABCA-F6DBBC162B0C}.Debug|Any CPU.ActiveCfg = Debug|Any CPU
		{93A1D90B-E5E8-4DB1-ABCA-F6DBBC162B0C}.Debug|Any CPU.Build.0 = Debug|Any CPU
		{93A1D90B-E5E8-4DB1-ABCA-F6DBBC162B0C}.Release|Any CPU.ActiveCfg = Release|Any CPU
		{93A1D90B-E5E8-4DB1-ABCA-F6DBBC162B0C}.Release|Any CPU.Build.0 = Release|Any CPU
		{FC008C16-D570-450B-8A62-6064E80595EB}.Debug|Any CPU.ActiveCfg = Debug|Any CPU
		{FC008C16-D570-450B-8A62-6064E80595EB}.Debug|Any CPU.Build.0 = Debug|Any CPU
		{FC008C16-D570-450B-8A62-6064E80595EB}.Release|Any CPU.ActiveCfg = Release|Any CPU
		{FC008C16-D570-450B-8A62-6064E80595EB}.Release|Any CPU.Build.0 = Release|Any CPU
		{EC9ABBE4-01A9-4F8F-BEA8-CFB0F2E1B4E4}.Debug|Any CPU.ActiveCfg = Debug|Any CPU
		{EC9ABBE4-01A9-4F8F-BEA8-CFB0F2E1B4E4}.Debug|Any CPU.Build.0 = Debug|Any CPU
		{EC9ABBE4-01A9-4F8F-BEA8-CFB0F2E1B4E4}.Release|Any CPU.ActiveCfg = Release|Any CPU
		{EC9ABBE4-01A9-4F8F-BEA8-CFB0F2E1B4E4}.Release|Any CPU.Build.0 = Release|Any CPU
		{7F0D2B4F-2BD3-4F17-867B-94EF4CB3E2DE}.Debug|Any CPU.ActiveCfg = Debug|Any CPU
		{7F0D2B4F-2BD3-4F17-867B-94EF4CB3E2DE}.Debug|Any CPU.Build.0 = Debug|Any CPU
		{7F0D2B4F-2BD3-4F17-867B-94EF4CB3E2DE}.Release|Any CPU.ActiveCfg = Release|Any CPU
		{7F0D2B4F-2BD3-4F17-867B-94EF4CB3E2DE}.Release|Any CPU.Build.0 = Release|Any CPU
		{0EE1D7CB-6107-419E-9884-1D50A0DF7306}.Debug|Any CPU.ActiveCfg = Debug|Any CPU
		{0EE1D7CB-6107-419E-9884-1D50A0DF7306}.Debug|Any CPU.Build.0 = Debug|Any CPU
		{0EE1D7CB-6107-419E-9884-1D50A0DF7306}.Release|Any CPU.ActiveCfg = Release|Any CPU
		{0EE1D7CB-6107-419E-9884-1D50A0DF7306}.Release|Any CPU.Build.0 = Release|Any CPU
		{3312904B-E11E-4934-8752-DBC0250D61E5}.Debug|Any CPU.ActiveCfg = Debug|Any CPU
		{3312904B-E11E-4934-8752-DBC0250D61E5}.Debug|Any CPU.Build.0 = Debug|Any CPU
		{3312904B-E11E-4934-8752-DBC0250D61E5}.Release|Any CPU.ActiveCfg = Release|Any CPU
		{3312904B-E11E-4934-8752-DBC0250D61E5}.Release|Any CPU.Build.0 = Release|Any CPU
		{908D22E4-1CC9-4B96-A470-9C79EE529D78}.Debug|Any CPU.ActiveCfg = Debug|Any CPU
		{908D22E4-1CC9-4B96-A470-9C79EE529D78}.Debug|Any CPU.Build.0 = Debug|Any CPU
		{908D22E4-1CC9-4B96-A470-9C79EE529D78}.Release|Any CPU.ActiveCfg = Release|Any CPU
		{908D22E4-1CC9-4B96-A470-9C79EE529D78}.Release|Any CPU.Build.0 = Release|Any CPU
		{619EA714-F180-4D6E-81DE-8611275B2FDB}.Debug|Any CPU.ActiveCfg = Debug|Any CPU
		{619EA714-F180-4D6E-81DE-8611275B2FDB}.Debug|Any CPU.Build.0 = Debug|Any CPU
		{619EA714-F180-4D6E-81DE-8611275B2FDB}.Release|Any CPU.ActiveCfg = Release|Any CPU
		{619EA714-F180-4D6E-81DE-8611275B2FDB}.Release|Any CPU.Build.0 = Release|Any CPU
		{B98E059F-AF65-4064-BE81-0D01B3EB0D9E}.Debug|Any CPU.ActiveCfg = Debug|Any CPU
		{B98E059F-AF65-4064-BE81-0D01B3EB0D9E}.Debug|Any CPU.Build.0 = Debug|Any CPU
		{B98E059F-AF65-4064-BE81-0D01B3EB0D9E}.Release|Any CPU.ActiveCfg = Release|Any CPU
		{B98E059F-AF65-4064-BE81-0D01B3EB0D9E}.Release|Any CPU.Build.0 = Release|Any CPU
		{C2141E8C-7060-446F-BF9F-1F37B64F72D2}.Debug|Any CPU.ActiveCfg = Debug|Any CPU
		{C2141E8C-7060-446F-BF9F-1F37B64F72D2}.Debug|Any CPU.Build.0 = Debug|Any CPU
		{C2141E8C-7060-446F-BF9F-1F37B64F72D2}.Release|Any CPU.ActiveCfg = Release|Any CPU
		{C2141E8C-7060-446F-BF9F-1F37B64F72D2}.Release|Any CPU.Build.0 = Release|Any CPU
		{0710A765-E0DF-4E04-A088-0AAF154FE40A}.Debug|Any CPU.ActiveCfg = Debug|Any CPU
		{0710A765-E0DF-4E04-A088-0AAF154FE40A}.Debug|Any CPU.Build.0 = Debug|Any CPU
		{0710A765-E0DF-4E04-A088-0AAF154FE40A}.Release|Any CPU.ActiveCfg = Release|Any CPU
		{0710A765-E0DF-4E04-A088-0AAF154FE40A}.Release|Any CPU.Build.0 = Release|Any CPU
		{33EE0031-B1AA-4C02-912E-86A29413D039}.Debug|Any CPU.ActiveCfg = Debug|Any CPU
		{33EE0031-B1AA-4C02-912E-86A29413D039}.Debug|Any CPU.Build.0 = Debug|Any CPU
		{33EE0031-B1AA-4C02-912E-86A29413D039}.Release|Any CPU.ActiveCfg = Release|Any CPU
		{33EE0031-B1AA-4C02-912E-86A29413D039}.Release|Any CPU.Build.0 = Release|Any CPU
		{BF21E40E-5ECB-4407-956D-CE1AC624C431}.Debug|Any CPU.ActiveCfg = Debug|Any CPU
		{BF21E40E-5ECB-4407-956D-CE1AC624C431}.Debug|Any CPU.Build.0 = Debug|Any CPU
		{BF21E40E-5ECB-4407-956D-CE1AC624C431}.Release|Any CPU.ActiveCfg = Release|Any CPU
		{BF21E40E-5ECB-4407-956D-CE1AC624C431}.Release|Any CPU.Build.0 = Release|Any CPU
		{61421B86-680A-451E-AC0D-3E5837515809}.Debug|Any CPU.ActiveCfg = Debug|Any CPU
		{61421B86-680A-451E-AC0D-3E5837515809}.Debug|Any CPU.Build.0 = Debug|Any CPU
		{61421B86-680A-451E-AC0D-3E5837515809}.Release|Any CPU.ActiveCfg = Release|Any CPU
		{61421B86-680A-451E-AC0D-3E5837515809}.Release|Any CPU.Build.0 = Release|Any CPU
		{30DD9A72-A393-41D1-BF98-CBA1BF82F6DF}.Debug|Any CPU.ActiveCfg = Debug|Any CPU
		{30DD9A72-A393-41D1-BF98-CBA1BF82F6DF}.Debug|Any CPU.Build.0 = Debug|Any CPU
		{30DD9A72-A393-41D1-BF98-CBA1BF82F6DF}.Release|Any CPU.ActiveCfg = Release|Any CPU
		{30DD9A72-A393-41D1-BF98-CBA1BF82F6DF}.Release|Any CPU.Build.0 = Release|Any CPU
		{F00AEB35-21EB-4AB6-B8CA-06071C11667F}.Debug|Any CPU.ActiveCfg = Debug|Any CPU
		{F00AEB35-21EB-4AB6-B8CA-06071C11667F}.Debug|Any CPU.Build.0 = Debug|Any CPU
		{F00AEB35-21EB-4AB6-B8CA-06071C11667F}.Release|Any CPU.ActiveCfg = Release|Any CPU
		{F00AEB35-21EB-4AB6-B8CA-06071C11667F}.Release|Any CPU.Build.0 = Release|Any CPU
		{2CAAEBFC-C40E-463A-A6B7-55E00DA701AA}.Debug|Any CPU.ActiveCfg = Debug|Any CPU
		{2CAAEBFC-C40E-463A-A6B7-55E00DA701AA}.Debug|Any CPU.Build.0 = Debug|Any CPU
		{2CAAEBFC-C40E-463A-A6B7-55E00DA701AA}.Release|Any CPU.ActiveCfg = Release|Any CPU
		{2CAAEBFC-C40E-463A-A6B7-55E00DA701AA}.Release|Any CPU.Build.0 = Release|Any CPU
		{5D21BA67-8519-412D-9487-ECE0D9AA1949}.Debug|Any CPU.ActiveCfg = Debug|Any CPU
		{5D21BA67-8519-412D-9487-ECE0D9AA1949}.Debug|Any CPU.Build.0 = Debug|Any CPU
		{5D21BA67-8519-412D-9487-ECE0D9AA1949}.Release|Any CPU.ActiveCfg = Release|Any CPU
		{5D21BA67-8519-412D-9487-ECE0D9AA1949}.Release|Any CPU.Build.0 = Release|Any CPU
		{6914EBED-810B-416E-9771-A1AC1BD4BEC3}.Debug|Any CPU.ActiveCfg = Debug|Any CPU
		{6914EBED-810B-416E-9771-A1AC1BD4BEC3}.Debug|Any CPU.Build.0 = Debug|Any CPU
		{6914EBED-810B-416E-9771-A1AC1BD4BEC3}.Release|Any CPU.ActiveCfg = Release|Any CPU
		{6914EBED-810B-416E-9771-A1AC1BD4BEC3}.Release|Any CPU.Build.0 = Release|Any CPU
		{3FA68B29-BB3D-4FFA-B6E2-7234D009CDE9}.Debug|Any CPU.ActiveCfg = Debug|Any CPU
		{3FA68B29-BB3D-4FFA-B6E2-7234D009CDE9}.Debug|Any CPU.Build.0 = Debug|Any CPU
		{3FA68B29-BB3D-4FFA-B6E2-7234D009CDE9}.Release|Any CPU.ActiveCfg = Release|Any CPU
		{3FA68B29-BB3D-4FFA-B6E2-7234D009CDE9}.Release|Any CPU.Build.0 = Release|Any CPU
		{1B1F1984-8C59-4D40-B529-8B734A6384C8}.Debug|Any CPU.ActiveCfg = Debug|Any CPU
		{1B1F1984-8C59-4D40-B529-8B734A6384C8}.Debug|Any CPU.Build.0 = Debug|Any CPU
		{1B1F1984-8C59-4D40-B529-8B734A6384C8}.Release|Any CPU.ActiveCfg = Release|Any CPU
		{1B1F1984-8C59-4D40-B529-8B734A6384C8}.Release|Any CPU.Build.0 = Release|Any CPU
		{A2F5FAA9-3212-4613-807A-284EB39534C8}.Debug|Any CPU.ActiveCfg = Debug|Any CPU
		{A2F5FAA9-3212-4613-807A-284EB39534C8}.Debug|Any CPU.Build.0 = Debug|Any CPU
		{A2F5FAA9-3212-4613-807A-284EB39534C8}.Release|Any CPU.ActiveCfg = Release|Any CPU
		{A2F5FAA9-3212-4613-807A-284EB39534C8}.Release|Any CPU.Build.0 = Release|Any CPU
		{870FC38F-5811-41FB-A42A-9965AF26C201}.Debug|Any CPU.ActiveCfg = Debug|Any CPU
		{870FC38F-5811-41FB-A42A-9965AF26C201}.Debug|Any CPU.Build.0 = Debug|Any CPU
		{870FC38F-5811-41FB-A42A-9965AF26C201}.Release|Any CPU.ActiveCfg = Release|Any CPU
		{870FC38F-5811-41FB-A42A-9965AF26C201}.Release|Any CPU.Build.0 = Release|Any CPU
		{5FA35477-8BBC-42C3-A41D-133B04707C69}.Debug|Any CPU.ActiveCfg = Debug|Any CPU
		{5FA35477-8BBC-42C3-A41D-133B04707C69}.Debug|Any CPU.Build.0 = Debug|Any CPU
		{5FA35477-8BBC-42C3-A41D-133B04707C69}.Release|Any CPU.ActiveCfg = Release|Any CPU
		{5FA35477-8BBC-42C3-A41D-133B04707C69}.Release|Any CPU.Build.0 = Release|Any CPU
		{B39D8950-1C30-488B-A166-5323ECE1C6EA}.Debug|Any CPU.ActiveCfg = Debug|Any CPU
		{B39D8950-1C30-488B-A166-5323ECE1C6EA}.Debug|Any CPU.Build.0 = Debug|Any CPU
		{B39D8950-1C30-488B-A166-5323ECE1C6EA}.Release|Any CPU.ActiveCfg = Release|Any CPU
		{B39D8950-1C30-488B-A166-5323ECE1C6EA}.Release|Any CPU.Build.0 = Release|Any CPU
		{52F77E09-5273-4909-A71A-07A693CAEAD4}.Debug|Any CPU.ActiveCfg = Debug|Any CPU
		{52F77E09-5273-4909-A71A-07A693CAEAD4}.Debug|Any CPU.Build.0 = Debug|Any CPU
		{52F77E09-5273-4909-A71A-07A693CAEAD4}.Release|Any CPU.ActiveCfg = Release|Any CPU
		{52F77E09-5273-4909-A71A-07A693CAEAD4}.Release|Any CPU.Build.0 = Release|Any CPU
		{FD8A797B-6CC3-4C4F-9E0D-8DF581F37649}.Debug|Any CPU.ActiveCfg = Debug|Any CPU
		{FD8A797B-6CC3-4C4F-9E0D-8DF581F37649}.Debug|Any CPU.Build.0 = Debug|Any CPU
		{FD8A797B-6CC3-4C4F-9E0D-8DF581F37649}.Release|Any CPU.ActiveCfg = Release|Any CPU
		{FD8A797B-6CC3-4C4F-9E0D-8DF581F37649}.Release|Any CPU.Build.0 = Release|Any CPU
		{86D0FCB7-7B52-4BB4-AFF9-ABB9F1CF583D}.Debug|Any CPU.ActiveCfg = Debug|Any CPU
		{86D0FCB7-7B52-4BB4-AFF9-ABB9F1CF583D}.Debug|Any CPU.Build.0 = Debug|Any CPU
		{86D0FCB7-7B52-4BB4-AFF9-ABB9F1CF583D}.Release|Any CPU.ActiveCfg = Release|Any CPU
		{86D0FCB7-7B52-4BB4-AFF9-ABB9F1CF583D}.Release|Any CPU.Build.0 = Release|Any CPU
		{BD3FF89B-7D36-4316-9FBD-A6323BCE44A2}.Debug|Any CPU.ActiveCfg = Debug|Any CPU
		{BD3FF89B-7D36-4316-9FBD-A6323BCE44A2}.Debug|Any CPU.Build.0 = Debug|Any CPU
		{BD3FF89B-7D36-4316-9FBD-A6323BCE44A2}.Release|Any CPU.ActiveCfg = Release|Any CPU
		{BD3FF89B-7D36-4316-9FBD-A6323BCE44A2}.Release|Any CPU.Build.0 = Release|Any CPU
		{7308E9CC-066E-45EF-9F30-02D1A61CF70A}.Debug|Any CPU.ActiveCfg = Debug|Any CPU
		{7308E9CC-066E-45EF-9F30-02D1A61CF70A}.Debug|Any CPU.Build.0 = Debug|Any CPU
		{7308E9CC-066E-45EF-9F30-02D1A61CF70A}.Release|Any CPU.ActiveCfg = Release|Any CPU
		{7308E9CC-066E-45EF-9F30-02D1A61CF70A}.Release|Any CPU.Build.0 = Release|Any CPU
		{F86C93FA-558B-4BD7-87BF-1E770DD5FE79}.Debug|Any CPU.ActiveCfg = Debug|Any CPU
		{F86C93FA-558B-4BD7-87BF-1E770DD5FE79}.Debug|Any CPU.Build.0 = Debug|Any CPU
		{F86C93FA-558B-4BD7-87BF-1E770DD5FE79}.Release|Any CPU.ActiveCfg = Release|Any CPU
		{F86C93FA-558B-4BD7-87BF-1E770DD5FE79}.Release|Any CPU.Build.0 = Release|Any CPU
		{4BCC6C25-78E6-4429-BCDD-54B8088D8779}.Debug|Any CPU.ActiveCfg = Debug|Any CPU
		{4BCC6C25-78E6-4429-BCDD-54B8088D8779}.Debug|Any CPU.Build.0 = Debug|Any CPU
		{4BCC6C25-78E6-4429-BCDD-54B8088D8779}.Release|Any CPU.ActiveCfg = Release|Any CPU
		{4BCC6C25-78E6-4429-BCDD-54B8088D8779}.Release|Any CPU.Build.0 = Release|Any CPU
		{C050C32D-E291-404D-9664-4665CB0782B2}.Debug|Any CPU.ActiveCfg = Debug|Any CPU
		{C050C32D-E291-404D-9664-4665CB0782B2}.Debug|Any CPU.Build.0 = Debug|Any CPU
		{C050C32D-E291-404D-9664-4665CB0782B2}.Release|Any CPU.ActiveCfg = Release|Any CPU
		{C050C32D-E291-404D-9664-4665CB0782B2}.Release|Any CPU.Build.0 = Release|Any CPU
	EndGlobalSection
	GlobalSection(SolutionProperties) = preSolution
		HideSolutionNode = FALSE
	EndGlobalSection
	GlobalSection(NestedProjects) = preSolution
		{8A8BFE0E-1545-4152-96FC-23E72F1D0DF2} = {08517E60-A9EA-4803-AB2D-5A15C6608C3E}
		{CD4E5183-CB9C-433D-86DF-FC0F5A16B94B} = {70DAB166-3BB2-4585-A8E7-C255E898D777}
		{44FBE17A-1E96-4E43-A20F-B1806DB6AF98} = {17B2F597-9A74-4B24-83E1-07CD8FF9B9B5}
		{B629974F-C31F-4E05-8AD7-CD137DC84505} = {34A7625D-A639-4855-B49F-FA1EF91377A4}
		{AAE9E7FF-8EE5-4CA0-87CF-7E0026E62CC7} = {FA828466-0901-42FA-8BE9-FE3DA18E589D}
		{BE5C7EC3-7379-4D87-89EB-F3705182B873} = {17B2F597-9A74-4B24-83E1-07CD8FF9B9B5}
		{AD76D2CC-3AEC-424C-B2BE-67084A0EFE43} = {96A6A15D-4B88-4732-A83D-BDBB235B8589}
		{08517E60-A9EA-4803-AB2D-5A15C6608C3E} = {C2F6430A-4C2E-495B-9556-7EF1A3A1C2B8}
		{F482D521-0DDF-4703-B9EA-568652DB669A} = {FA828466-0901-42FA-8BE9-FE3DA18E589D}
		{318AA51A-C5C1-40D0-B3AB-D15CFF4565FC} = {08517E60-A9EA-4803-AB2D-5A15C6608C3E}
		{FA828466-0901-42FA-8BE9-FE3DA18E589D} = {C2F6430A-4C2E-495B-9556-7EF1A3A1C2B8}
		{34A7625D-A639-4855-B49F-FA1EF91377A4} = {C2F6430A-4C2E-495B-9556-7EF1A3A1C2B8}
		{6984B285-11D0-418B-A973-7D98C81A39E2} = {C7F0DB78-F8D7-4074-A2D7-A14490AAA398}
		{C7F0DB78-F8D7-4074-A2D7-A14490AAA398} = {C2F6430A-4C2E-495B-9556-7EF1A3A1C2B8}
		{D8DE754F-9C93-49C4-9117-B0CB7ABBA023} = {8F0499A9-8EBD-4C79-9555-F29F29B9A734}
		{1A353687-93AC-4112-87CF-42CFE6E2F84C} = {8F0499A9-8EBD-4C79-9555-F29F29B9A734}
		{E172D3FF-C931-495E-A5DB-3AF5C45B26AF} = {34A7625D-A639-4855-B49F-FA1EF91377A4}
		{5203A93D-8BB7-4852-B38C-1B867D00C005} = {C7F0DB78-F8D7-4074-A2D7-A14490AAA398}
		{493EE624-7E8F-47DC-B3BD-F5A83C3E4068} = {17B2F597-9A74-4B24-83E1-07CD8FF9B9B5}
		{17B2F597-9A74-4B24-83E1-07CD8FF9B9B5} = {C2F6430A-4C2E-495B-9556-7EF1A3A1C2B8}
		{16B05383-6F76-470C-BAB4-6FE8DE61EBAA} = {08517E60-A9EA-4803-AB2D-5A15C6608C3E}
		{70DAB166-3BB2-4585-A8E7-C255E898D777} = {C2F6430A-4C2E-495B-9556-7EF1A3A1C2B8}
		{96A6A15D-4B88-4732-A83D-BDBB235B8589} = {C2F6430A-4C2E-495B-9556-7EF1A3A1C2B8}
		{908D22E4-1CC9-4B96-A470-9C79EE529D78} = {FA828466-0901-42FA-8BE9-FE3DA18E589D}
		{619EA714-F180-4D6E-81DE-8611275B2FDB} = {70DAB166-3BB2-4585-A8E7-C255E898D777}
		{B98E059F-AF65-4064-BE81-0D01B3EB0D9E} = {C7F0DB78-F8D7-4074-A2D7-A14490AAA398}
		{3B09F420-8C13-4A60-ACC0-41E9F0AF48F8} = {C2F6430A-4C2E-495B-9556-7EF1A3A1C2B8}
		{C2141E8C-7060-446F-BF9F-1F37B64F72D2} = {3B09F420-8C13-4A60-ACC0-41E9F0AF48F8}
		{0710A765-E0DF-4E04-A088-0AAF154FE40A} = {3B09F420-8C13-4A60-ACC0-41E9F0AF48F8}
		{33EE0031-B1AA-4C02-912E-86A29413D039} = {FA828466-0901-42FA-8BE9-FE3DA18E589D}
		{BF21E40E-5ECB-4407-956D-CE1AC624C431} = {34A7625D-A639-4855-B49F-FA1EF91377A4}
		{F00AEB35-21EB-4AB6-B8CA-06071C11667F} = {34A7625D-A639-4855-B49F-FA1EF91377A4}
		{2CAAEBFC-C40E-463A-A6B7-55E00DA701AA} = {08517E60-A9EA-4803-AB2D-5A15C6608C3E}
		{5D21BA67-8519-412D-9487-ECE0D9AA1949} = {08517E60-A9EA-4803-AB2D-5A15C6608C3E}
		{6914EBED-810B-416E-9771-A1AC1BD4BEC3} = {34A7625D-A639-4855-B49F-FA1EF91377A4}
		{3FA68B29-BB3D-4FFA-B6E2-7234D009CDE9} = {FA828466-0901-42FA-8BE9-FE3DA18E589D}
		{1B1F1984-8C59-4D40-B529-8B734A6384C8} = {3B09F420-8C13-4A60-ACC0-41E9F0AF48F8}
		{A2F5FAA9-3212-4613-807A-284EB39534C8} = {C7F0DB78-F8D7-4074-A2D7-A14490AAA398}
		{870FC38F-5811-41FB-A42A-9965AF26C201} = {C7F0DB78-F8D7-4074-A2D7-A14490AAA398}
		{EC9ABBE4-01A9-4F8F-BEA8-CFB0F2E1B4E4} = {33A230CD-37B2-455D-AE98-F8917AD6F158}
		{FC008C16-D570-450B-8A62-6064E80595EB} = {33A230CD-37B2-455D-AE98-F8917AD6F158}
		{5FA35477-8BBC-42C3-A41D-133B04707C69} = {D8DE754F-9C93-49C4-9117-B0CB7ABBA023}
		{B39D8950-1C30-488B-A166-5323ECE1C6EA} = {D8DE754F-9C93-49C4-9117-B0CB7ABBA023}
		{52F77E09-5273-4909-A71A-07A693CAEAD4} = {D8DE754F-9C93-49C4-9117-B0CB7ABBA023}
		{FD8A797B-6CC3-4C4F-9E0D-8DF581F37649} = {D8DE754F-9C93-49C4-9117-B0CB7ABBA023}
		{86D0FCB7-7B52-4BB4-AFF9-ABB9F1CF583D} = {D8DE754F-9C93-49C4-9117-B0CB7ABBA023}
		{33A230CD-37B2-455D-AE98-F8917AD6F158} = {8F0499A9-8EBD-4C79-9555-F29F29B9A734}
		{0EE1D7CB-6107-419E-9884-1D50A0DF7306} = {1A353687-93AC-4112-87CF-42CFE6E2F84C}
		{7F0D2B4F-2BD3-4F17-867B-94EF4CB3E2DE} = {1A353687-93AC-4112-87CF-42CFE6E2F84C}
		{93A1D90B-E5E8-4DB1-ABCA-F6DBBC162B0C} = {1A353687-93AC-4112-87CF-42CFE6E2F84C}
		{8637EC3F-59AC-44AA-8248-05A60C7CDCFC} = {8F0499A9-8EBD-4C79-9555-F29F29B9A734}
		{30DD9A72-A393-41D1-BF98-CBA1BF82F6DF} = {8637EC3F-59AC-44AA-8248-05A60C7CDCFC}
		{306B8FC0-EF02-423E-8D6B-6BCE8141FF52} = {8637EC3F-59AC-44AA-8248-05A60C7CDCFC}
		{3312904B-E11E-4934-8752-DBC0250D61E5} = {1A353687-93AC-4112-87CF-42CFE6E2F84C}
		{61421B86-680A-451E-AC0D-3E5837515809} = {1A353687-93AC-4112-87CF-42CFE6E2F84C}
		{BD3FF89B-7D36-4316-9FBD-A6323BCE44A2} = {1A353687-93AC-4112-87CF-42CFE6E2F84C}
		{7308E9CC-066E-45EF-9F30-02D1A61CF70A} = {1A353687-93AC-4112-87CF-42CFE6E2F84C}
		{F86C93FA-558B-4BD7-87BF-1E770DD5FE79} = {33A230CD-37B2-455D-AE98-F8917AD6F158}
		{4BCC6C25-78E6-4429-BCDD-54B8088D8779} = {1A353687-93AC-4112-87CF-42CFE6E2F84C}
		{C050C32D-E291-404D-9664-4665CB0782B2} = {C2F6430A-4C2E-495B-9556-7EF1A3A1C2B8}
	EndGlobalSection
	GlobalSection(ExtensibilityGlobals) = postSolution
		SolutionGuid = {E07ED662-9390-431F-B4D6-BDA65FE4169A}
	EndGlobalSection
EndGlobal
