Microsoft Visual Studio Solution File, Format Version 12.00
# Visual Studio 15
VisualStudioVersion = 15.0.27130.2026
MinimumVisualStudioVersion = 10.0.40219.1
Project("{9A19103F-16F7-4668-BE54-9A1E7A4F7556}") = "Firestorm.Core", "src\Firestorm.Core\Firestorm.Core.csproj", "{8A8BFE0E-1545-4152-96FC-23E72F1D0DF2}"
EndProject
Project("{9A19103F-16F7-4668-BE54-9A1E7A4F7556}") = "Firestorm.EntityFramework6", "src\Firestorm.EntityFramework6\Firestorm.EntityFramework6.csproj", "{CD4E5183-CB9C-433D-86DF-FC0F5A16B94B}"
EndProject
Project("{9A19103F-16F7-4668-BE54-9A1E7A4F7556}") = "Firestorm.AspNetWebApi2", "src\Firestorm.AspNetWebApi2\Firestorm.AspNetWebApi2.csproj", "{44FBE17A-1E96-4E43-A20F-B1806DB6AF98}"
EndProject
Project("{9A19103F-16F7-4668-BE54-9A1E7A4F7556}") = "Firestorm.Endpoints", "src\Firestorm.Endpoints\Firestorm.Endpoints.csproj", "{B629974F-C31F-4E05-8AD7-CD137DC84505}"
EndProject
Project("{9A19103F-16F7-4668-BE54-9A1E7A4F7556}") = "Firestorm.Engine", "src\Firestorm.Engine\Firestorm.Engine.csproj", "{AAE9E7FF-8EE5-4CA0-87CF-7E0026E62CC7}"
EndProject
Project("{9A19103F-16F7-4668-BE54-9A1E7A4F7556}") = "Firestorm.Owin", "src\Firestorm.Owin\Firestorm.Owin.csproj", "{BE5C7EC3-7379-4D87-89EB-F3705182B873}"
EndProject
Project("{2150E333-8FDC-42A3-9474-1A3956D46DE8}") = "Library", "Library", "{C2F6430A-4C2E-495B-9556-7EF1A3A1C2B8}"
EndProject
Project("{9A19103F-16F7-4668-BE54-9A1E7A4F7556}") = "Firestorm.Tests.Models", "tests\Firestorm.Tests.Models\Firestorm.Tests.Models.csproj", "{28B146D0-3785-4386-BD4F-55DD29A1C76D}"
EndProject
Project("{2150E333-8FDC-42A3-9474-1A3956D46DE8}") = "Tests", "Tests", "{8F0499A9-8EBD-4C79-9555-F29F29B9A734}"
EndProject
Project("{9A19103F-16F7-4668-BE54-9A1E7A4F7556}") = "Firestorm.Client", "src\Firestorm.Client\Firestorm.Client.csproj", "{AD76D2CC-3AEC-424C-B2BE-67084A0EFE43}"
EndProject
Project("{2150E333-8FDC-42A3-9474-1A3956D46DE8}") = "Core", "Core", "{08517E60-A9EA-4803-AB2D-5A15C6608C3E}"
EndProject
Project("{9A19103F-16F7-4668-BE54-9A1E7A4F7556}") = "Firestorm.Engine.Additives", "src\Firestorm.Engine.Additives\Firestorm.Engine.Additives.csproj", "{F482D521-0DDF-4703-B9EA-568652DB669A}"
EndProject
Project("{9A19103F-16F7-4668-BE54-9A1E7A4F7556}") = "Firestorm.Core.Web", "src\Firestorm.Core.Web\Firestorm.Core.Web.csproj", "{318AA51A-C5C1-40D0-B3AB-D15CFF4565FC}"
EndProject
Project("{2150E333-8FDC-42A3-9474-1A3956D46DE8}") = "Engine", "Engine", "{FA828466-0901-42FA-8BE9-FE3DA18E589D}"
EndProject
Project("{2150E333-8FDC-42A3-9474-1A3956D46DE8}") = "Endpoints", "Endpoints", "{34A7625D-A639-4855-B49F-FA1EF91377A4}"
EndProject
Project("{9A19103F-16F7-4668-BE54-9A1E7A4F7556}") = "Firestorm.Stems", "src\Firestorm.Stems\Firestorm.Stems.csproj", "{6984B285-11D0-418B-A973-7D98C81A39E2}"
EndProject
Project("{9A19103F-16F7-4668-BE54-9A1E7A4F7556}") = "Firestorm.Stems.Roots.DataSource", "src\Firestorm.Stems.Roots.DataSource\Firestorm.Stems.Roots.DataSource.csproj", "{09C0522B-057B-4B2C-A983-8F9CF5103AE5}"
EndProject
Project("{2150E333-8FDC-42A3-9474-1A3956D46DE8}") = "Stems", "Stems", "{C7F0DB78-F8D7-4074-A2D7-A14490AAA398}"
EndProject
Project("{2150E333-8FDC-42A3-9474-1A3956D46DE8}") = "Unit", "Unit", "{D8DE754F-9C93-49C4-9117-B0CB7ABBA023}"
EndProject
Project("{2150E333-8FDC-42A3-9474-1A3956D46DE8}") = "Integration", "Integration", "{1A353687-93AC-4112-87CF-42CFE6E2F84C}"
EndProject
Project("{9A19103F-16F7-4668-BE54-9A1E7A4F7556}") = "Firestorm.Tests.Examples.Music", "tests\Firestorm.Tests.Examples.Music\Firestorm.Tests.Examples.Music.csproj", "{306B8FC0-EF02-423E-8D6B-6BCE8141FF52}"
EndProject
Project("{9A19103F-16F7-4668-BE54-9A1E7A4F7556}") = "Firestorm.Endpoints.Formatting", "src\Firestorm.Endpoints.Formatting\Firestorm.Endpoints.Formatting.csproj", "{E172D3FF-C931-495E-A5DB-3AF5C45B26AF}"
EndProject
Project("{9A19103F-16F7-4668-BE54-9A1E7A4F7556}") = "Firestorm.Stems.Fuel", "src\Firestorm.Stems.Fuel\Firestorm.Stems.Fuel.csproj", "{5203A93D-8BB7-4852-B38C-1B867D00C005}"
EndProject
Project("{9A19103F-16F7-4668-BE54-9A1E7A4F7556}") = "Firestorm.AspNetCore2", "src\Firestorm.AspNetCore2\Firestorm.AspNetCore2.csproj", "{493EE624-7E8F-47DC-B3BD-F5A83C3E4068}"
EndProject
Project("{9A19103F-16F7-4668-BE54-9A1E7A4F7556}") = "Firestorm.Endpoints.Start", "src\Firestorm.Endpoints.Start\Firestorm.Endpoints.Start.csproj", "{FFFE6B9A-5753-460F-81B2-823C23BC4A3C}"
EndProject
Project("{2150E333-8FDC-42A3-9474-1A3956D46DE8}") = "Web", "Web", "{17B2F597-9A74-4B24-83E1-07CD8FF9B9B5}"
EndProject
Project("{9A19103F-16F7-4668-BE54-9A1E7A4F7556}") = "Firestorm.Data", "src\Firestorm.Data\Firestorm.Data.csproj", "{16B05383-6F76-470C-BAB4-6FE8DE61EBAA}"
EndProject
Project("{2150E333-8FDC-42A3-9474-1A3956D46DE8}") = "Entities", "Entities", "{70DAB166-3BB2-4585-A8E7-C255E898D777}"
EndProject
Project("{9A19103F-16F7-4668-BE54-9A1E7A4F7556}") = "Firestorm.Stems.Attributes", "src\Firestorm.Stems.Attributes\Firestorm.Stems.Attributes.csproj", "{DD9A1F60-DC62-40F8-9D2C-13053E5F6072}"
EndProject
Project("{9A19103F-16F7-4668-BE54-9A1E7A4F7556}") = "Firestorm.Tests.Integration.Http.AspNetCore", "tests\Firestorm.Tests.Integration.Http.AspNetCore\Firestorm.Tests.Integration.Http.AspNetCore.csproj", "{93A1D90B-E5E8-4DB1-ABCA-F6DBBC162B0C}"
EndProject
Project("{9A19103F-16F7-4668-BE54-9A1E7A4F7556}") = "Firestorm.Tests.Integration.Http.Base", "tests\Firestorm.Tests.Integration.Http.Base\Firestorm.Tests.Integration.Http.Base.csproj", "{FC008C16-D570-450B-8A62-6064E80595EB}"
EndProject
Project("{9A19103F-16F7-4668-BE54-9A1E7A4F7556}") = "Firestorm.Tests.Integration.Http.NetFramework", "tests\Firestorm.Tests.Integration.Http.NetFramework\Firestorm.Tests.Integration.Http.NetFramework.csproj", "{F1A283CC-86E6-4194-98F7-C987CA5693C9}"
EndProject
Project("{2150E333-8FDC-42A3-9474-1A3956D46DE8}") = "End-to-end", "End-to-end", "{12657C50-EDB1-4ED5-85C2-B08FFF18C114}"
EndProject
Project("{2150E333-8FDC-42A3-9474-1A3956D46DE8}") = "Http", "Http", "{1A6FE096-2D99-4CB7-B6ED-C0E71E3FE9E6}"
EndProject
Project("{2150E333-8FDC-42A3-9474-1A3956D46DE8}") = "Data", "Data", "{2C757E6E-DA05-46C4-8A5A-E380C7CA732B}"
EndProject
Project("{9A19103F-16F7-4668-BE54-9A1E7A4F7556}") = "Firestorm.Tests.Integration.Data.Base", "tests\Firestorm.Tests.Integration.Data.Base\Firestorm.Tests.Integration.Data.Base.csproj", "{EC9ABBE4-01A9-4F8F-BEA8-CFB0F2E1B4E4}"
EndProject
Project("{9A19103F-16F7-4668-BE54-9A1E7A4F7556}") = "Firestorm.Tests.Integration.Data.EntityFrameworkCore2", "tests\Firestorm.Tests.Integration.Data.EntityFrameworkCore2\Firestorm.Tests.Integration.Data.EntityFrameworkCore2.csproj", "{7F0D2B4F-2BD3-4F17-867B-94EF4CB3E2DE}"
EndProject
Project("{9A19103F-16F7-4668-BE54-9A1E7A4F7556}") = "Firestorm.Tests.Integration.Data.EntityFramework6", "tests\Firestorm.Tests.Integration.Data.EntityFramework6\Firestorm.Tests.Integration.Data.EntityFramework6.csproj", "{0EE1D7CB-6107-419E-9884-1D50A0DF7306}"
EndProject
Project("{2150E333-8FDC-42A3-9474-1A3956D46DE8}") = "Client", "Client", "{96A6A15D-4B88-4732-A83D-BDBB235B8589}"
EndProject
Project("{9A19103F-16F7-4668-BE54-9A1E7A4F7556}") = "Firestorm.Tests.Functionality.Stems", "tests\Firestorm.Tests.Functionality.Stems\Firestorm.Tests.Functionality.Stems.csproj", "{3312904B-E11E-4934-8752-DBC0250D61E5}"
EndProject
Project("{2150E333-8FDC-42A3-9474-1A3956D46DE8}") = "Functionality", "Functionality", "{B1A13EB5-D01D-4D4F-BBFB-803A6464D831}"
EndProject
Project("{9A19103F-16F7-4668-BE54-9A1E7A4F7556}") = "Firestorm.Stems.Roots.Derive", "src\Firestorm.Stems.Roots.Derive\Firestorm.Stems.Roots.Derive.csproj", "{DBA378A2-D68D-4A6A-82A7-6BF793F082BB}"
EndProject
Project("{9A19103F-16F7-4668-BE54-9A1E7A4F7556}") = "Firestorm.Engine.Implementation", "src\Firestorm.Engine.Implementation\Firestorm.Engine.Implementation.csproj", "{908D22E4-1CC9-4B96-A470-9C79EE529D78}"
EndProject
Project("{9A19103F-16F7-4668-BE54-9A1E7A4F7556}") = "Firestorm.EntityFrameworkCore2", "src\Firestorm.EntityFrameworkCore2\Firestorm.EntityFrameworkCore2.csproj", "{619EA714-F180-4D6E-81DE-8611275B2FDB}"
EndProject
Project("{9A19103F-16F7-4668-BE54-9A1E7A4F7556}") = "Firestorm.Stems.Fuel.Essential", "src\Firestorm.Stems.Fuel.Essential\Firestorm.Stems.Fuel.Essential.csproj", "{C3B73A29-DC9A-43A0-B18E-47F2115FA18A}"
EndProject
Project("{9A19103F-16F7-4668-BE54-9A1E7A4F7556}") = "Firestorm.Stems.Roots", "src\Firestorm.Stems.Roots\Firestorm.Stems.Roots.csproj", "{B98E059F-AF65-4064-BE81-0D01B3EB0D9E}"
EndProject
Project("{9A19103F-16F7-4668-BE54-9A1E7A4F7556}") = "Firestorm.Stems.Attributes.Basic", "src\Firestorm.Stems.Attributes.Basic\Firestorm.Stems.Attributes.Basic.csproj", "{9C349E42-67D8-4700-AAFC-88E639F230B5}"
EndProject
Project("{9A19103F-16F7-4668-BE54-9A1E7A4F7556}") = "Firestorm.Stems.Fuel.Substems", "src\Firestorm.Stems.Fuel.Substems\Firestorm.Stems.Fuel.Substems.csproj", "{4EE0EC1C-87E2-4B90-ACDE-4B78801353E2}"
EndProject
Project("{9A19103F-16F7-4668-BE54-9A1E7A4F7556}") = "Firestorm.Stems.Roots.Start", "src\Firestorm.Stems.Roots.Start\Firestorm.Stems.Roots.Start.csproj", "{F1660CA3-BBBE-42A1-B108-8D37F37CC6B0}"
EndProject
Project("{2150E333-8FDC-42A3-9474-1A3956D46DE8}") = "Extensions", "Extensions", "{A2CE7430-F7EA-4165-89A1-E3341B8FBFF8}"
EndProject
Project("{9A19103F-16F7-4668-BE54-9A1E7A4F7556}") = "Firestorm.Extensions.AspNetCore", "src\Firestorm.Extensions.AspNetCore\Firestorm.Extensions.AspNetCore.csproj", "{1739D264-AB2A-417A-ADF8-9BD1A19FF789}"
EndProject
Project("{2150E333-8FDC-42A3-9474-1A3956D46DE8}") = "Fluent", "Fluent", "{3B09F420-8C13-4A60-ACC0-41E9F0AF48F8}"
EndProject
Project("{9A19103F-16F7-4668-BE54-9A1E7A4F7556}") = "Firestorm.Fluent", "src\Firestorm.Fluent\Firestorm.Fluent.csproj", "{C2141E8C-7060-446F-BF9F-1F37B64F72D2}"
EndProject
Project("{9A19103F-16F7-4668-BE54-9A1E7A4F7556}") = "Firestorm.Fluent.Start", "src\Firestorm.Fluent.Start\Firestorm.Fluent.Start.csproj", "{1C46E45C-3DF8-429A-8A2D-62D0F68238BA}"
EndProject
Project("{9A19103F-16F7-4668-BE54-9A1E7A4F7556}") = "Firestorm.Fluent.Fuel", "src\Firestorm.Fluent.Fuel\Firestorm.Fluent.Fuel.csproj", "{0710A765-E0DF-4E04-A088-0AAF154FE40A}"
EndProject
Project("{9A19103F-16F7-4668-BE54-9A1E7A4F7556}") = "Firestorm.Engine.Subs", "src\Firestorm.Engine.Subs\Firestorm.Engine.Subs.csproj", "{33EE0031-B1AA-4C02-912E-86A29413D039}"
EndProject
Project("{9A19103F-16F7-4668-BE54-9A1E7A4F7556}") = "Firestorm.Tests.Unit.Stems", "tests\Firestorm.Tests.Unit.Stems\Firestorm.Tests.Unit.Stems.csproj", "{F976B0A8-38A1-4AD5-A714-AAA2348D16C6}"
EndProject
Project("{9A19103F-16F7-4668-BE54-9A1E7A4F7556}") = "Firestorm.Tests.Unit", "tests\Firestorm.Tests.Unit\Firestorm.Tests.Unit.csproj", "{2261A0EA-B171-428C-AC42-85DE04E805B1}"
EndProject
Project("{9A19103F-16F7-4668-BE54-9A1E7A4F7556}") = "Firestorm.Tests.Unit.Endpoints", "tests\Firestorm.Tests.Unit.Endpoints\Firestorm.Tests.Unit.Endpoints.csproj", "{5030B352-3E0B-4A30-88E1-3B5E3DC43C73}"
EndProject
Project("{9A19103F-16F7-4668-BE54-9A1E7A4F7556}") = "Firestorm.Tests.Unit.Engine", "tests\Firestorm.Tests.Unit.Engine\Firestorm.Tests.Unit.Engine.csproj", "{525E4EE6-7484-4FF8-8BCB-1827251530C2}"
EndProject
Project("{9A19103F-16F7-4668-BE54-9A1E7A4F7556}") = "Firestorm.Tests.Unit.Client", "tests\Firestorm.Tests.Unit.Client\Firestorm.Tests.Unit.Client.csproj", "{07F026AA-4347-4D42-B96A-09698BC3A26E}"
EndProject
Project("{9A19103F-16F7-4668-BE54-9A1E7A4F7556}") = "Firestorm.Tests.Unit.Data", "tests\Firestorm.Tests.Unit.Data\Firestorm.Tests.Unit.Data.csproj", "{909BB172-AF8C-4202-A48A-5F255A2F5878}"
EndProject
Project("{9A19103F-16F7-4668-BE54-9A1E7A4F7556}") = "Firestorm.Endpoints.Responses", "src\Firestorm.Endpoints.Responses\Firestorm.Endpoints.Responses.csproj", "{BF21E40E-5ECB-4407-956D-CE1AC624C431}"
EndProject
Project("{9A19103F-16F7-4668-BE54-9A1E7A4F7556}") = "Firestorm.Tests.Functionality.Fluent", "tests\Firestorm.Tests.Functionality.Fluent\Firestorm.Tests.Functionality.Fluent.csproj", "{61421B86-680A-451E-AC0D-3E5837515809}"
EndProject
Project("{9A19103F-16F7-4668-BE54-9A1E7A4F7556}") = "Firestorm.Tests.Examples.Football", "tests\Firestorm.Tests.Examples.Football\Firestorm.Tests.Examples.Football.csproj", "{30DD9A72-A393-41D1-BF98-CBA1BF82F6DF}"
EndProject
Project("{9A19103F-16F7-4668-BE54-9A1E7A4F7556}") = "Firestorm.Endpoints.Implementation", "src\Firestorm.Endpoints.Implementation\Firestorm.Endpoints.Implementation.csproj", "{F00AEB35-21EB-4AB6-B8CA-06071C11667F}"
EndProject
Project("{9A19103F-16F7-4668-BE54-9A1E7A4F7556}") = "Firestorm.Endpoints.Web", "src\Firestorm.Endpoints.Web\Firestorm.Endpoints.Web.csproj", "{C3B0C396-765D-4689-8233-DF2F17C1419B}"
EndProject
Project("{9A19103F-16F7-4668-BE54-9A1E7A4F7556}") = "Firestorm.Engine.Fuel", "src\Firestorm.Engine.Fuel\Firestorm.Engine.Fuel.csproj", "{F5CCEB00-FC4E-432D-A0C2-3167A4E07F17}"
EndProject
Global
	GlobalSection(SolutionConfigurationPlatforms) = preSolution
		Debug|Any CPU = Debug|Any CPU
		Release|Any CPU = Release|Any CPU
	EndGlobalSection
	GlobalSection(ProjectConfigurationPlatforms) = postSolution
		{8A8BFE0E-1545-4152-96FC-23E72F1D0DF2}.Debug|Any CPU.ActiveCfg = Debug|Any CPU
		{8A8BFE0E-1545-4152-96FC-23E72F1D0DF2}.Debug|Any CPU.Build.0 = Debug|Any CPU
		{8A8BFE0E-1545-4152-96FC-23E72F1D0DF2}.Release|Any CPU.ActiveCfg = Release|Any CPU
		{8A8BFE0E-1545-4152-96FC-23E72F1D0DF2}.Release|Any CPU.Build.0 = Release|Any CPU
		{CD4E5183-CB9C-433D-86DF-FC0F5A16B94B}.Debug|Any CPU.ActiveCfg = Debug|Any CPU
		{CD4E5183-CB9C-433D-86DF-FC0F5A16B94B}.Debug|Any CPU.Build.0 = Debug|Any CPU
		{CD4E5183-CB9C-433D-86DF-FC0F5A16B94B}.Release|Any CPU.ActiveCfg = Release|Any CPU
		{CD4E5183-CB9C-433D-86DF-FC0F5A16B94B}.Release|Any CPU.Build.0 = Release|Any CPU
		{44FBE17A-1E96-4E43-A20F-B1806DB6AF98}.Debug|Any CPU.ActiveCfg = Debug|Any CPU
		{44FBE17A-1E96-4E43-A20F-B1806DB6AF98}.Debug|Any CPU.Build.0 = Debug|Any CPU
		{44FBE17A-1E96-4E43-A20F-B1806DB6AF98}.Release|Any CPU.ActiveCfg = Release|Any CPU
		{44FBE17A-1E96-4E43-A20F-B1806DB6AF98}.Release|Any CPU.Build.0 = Release|Any CPU
		{B629974F-C31F-4E05-8AD7-CD137DC84505}.Debug|Any CPU.ActiveCfg = Debug|Any CPU
		{B629974F-C31F-4E05-8AD7-CD137DC84505}.Debug|Any CPU.Build.0 = Debug|Any CPU
		{B629974F-C31F-4E05-8AD7-CD137DC84505}.Release|Any CPU.ActiveCfg = Release|Any CPU
		{B629974F-C31F-4E05-8AD7-CD137DC84505}.Release|Any CPU.Build.0 = Release|Any CPU
		{AAE9E7FF-8EE5-4CA0-87CF-7E0026E62CC7}.Debug|Any CPU.ActiveCfg = Debug|Any CPU
		{AAE9E7FF-8EE5-4CA0-87CF-7E0026E62CC7}.Debug|Any CPU.Build.0 = Debug|Any CPU
		{AAE9E7FF-8EE5-4CA0-87CF-7E0026E62CC7}.Release|Any CPU.ActiveCfg = Release|Any CPU
		{AAE9E7FF-8EE5-4CA0-87CF-7E0026E62CC7}.Release|Any CPU.Build.0 = Release|Any CPU
		{BE5C7EC3-7379-4D87-89EB-F3705182B873}.Debug|Any CPU.ActiveCfg = Debug|Any CPU
		{BE5C7EC3-7379-4D87-89EB-F3705182B873}.Debug|Any CPU.Build.0 = Debug|Any CPU
		{BE5C7EC3-7379-4D87-89EB-F3705182B873}.Release|Any CPU.ActiveCfg = Release|Any CPU
		{BE5C7EC3-7379-4D87-89EB-F3705182B873}.Release|Any CPU.Build.0 = Release|Any CPU
		{28B146D0-3785-4386-BD4F-55DD29A1C76D}.Debug|Any CPU.ActiveCfg = Debug|Any CPU
		{28B146D0-3785-4386-BD4F-55DD29A1C76D}.Debug|Any CPU.Build.0 = Debug|Any CPU
		{28B146D0-3785-4386-BD4F-55DD29A1C76D}.Release|Any CPU.ActiveCfg = Release|Any CPU
		{28B146D0-3785-4386-BD4F-55DD29A1C76D}.Release|Any CPU.Build.0 = Release|Any CPU
		{AD76D2CC-3AEC-424C-B2BE-67084A0EFE43}.Debug|Any CPU.ActiveCfg = Debug|Any CPU
		{AD76D2CC-3AEC-424C-B2BE-67084A0EFE43}.Debug|Any CPU.Build.0 = Debug|Any CPU
		{AD76D2CC-3AEC-424C-B2BE-67084A0EFE43}.Release|Any CPU.ActiveCfg = Release|Any CPU
		{AD76D2CC-3AEC-424C-B2BE-67084A0EFE43}.Release|Any CPU.Build.0 = Release|Any CPU
		{F482D521-0DDF-4703-B9EA-568652DB669A}.Debug|Any CPU.ActiveCfg = Debug|Any CPU
		{F482D521-0DDF-4703-B9EA-568652DB669A}.Debug|Any CPU.Build.0 = Debug|Any CPU
		{F482D521-0DDF-4703-B9EA-568652DB669A}.Release|Any CPU.ActiveCfg = Release|Any CPU
		{F482D521-0DDF-4703-B9EA-568652DB669A}.Release|Any CPU.Build.0 = Release|Any CPU
		{318AA51A-C5C1-40D0-B3AB-D15CFF4565FC}.Debug|Any CPU.ActiveCfg = Debug|Any CPU
		{318AA51A-C5C1-40D0-B3AB-D15CFF4565FC}.Debug|Any CPU.Build.0 = Debug|Any CPU
		{318AA51A-C5C1-40D0-B3AB-D15CFF4565FC}.Release|Any CPU.ActiveCfg = Release|Any CPU
		{318AA51A-C5C1-40D0-B3AB-D15CFF4565FC}.Release|Any CPU.Build.0 = Release|Any CPU
		{6984B285-11D0-418B-A973-7D98C81A39E2}.Debug|Any CPU.ActiveCfg = Debug|Any CPU
		{6984B285-11D0-418B-A973-7D98C81A39E2}.Debug|Any CPU.Build.0 = Debug|Any CPU
		{6984B285-11D0-418B-A973-7D98C81A39E2}.Release|Any CPU.ActiveCfg = Release|Any CPU
		{6984B285-11D0-418B-A973-7D98C81A39E2}.Release|Any CPU.Build.0 = Release|Any CPU
		{09C0522B-057B-4B2C-A983-8F9CF5103AE5}.Debug|Any CPU.ActiveCfg = Debug|Any CPU
		{09C0522B-057B-4B2C-A983-8F9CF5103AE5}.Debug|Any CPU.Build.0 = Debug|Any CPU
		{09C0522B-057B-4B2C-A983-8F9CF5103AE5}.Release|Any CPU.ActiveCfg = Release|Any CPU
		{09C0522B-057B-4B2C-A983-8F9CF5103AE5}.Release|Any CPU.Build.0 = Release|Any CPU
		{306B8FC0-EF02-423E-8D6B-6BCE8141FF52}.Debug|Any CPU.ActiveCfg = Debug|Any CPU
		{306B8FC0-EF02-423E-8D6B-6BCE8141FF52}.Debug|Any CPU.Build.0 = Debug|Any CPU
		{306B8FC0-EF02-423E-8D6B-6BCE8141FF52}.Release|Any CPU.ActiveCfg = Release|Any CPU
		{306B8FC0-EF02-423E-8D6B-6BCE8141FF52}.Release|Any CPU.Build.0 = Release|Any CPU
		{E172D3FF-C931-495E-A5DB-3AF5C45B26AF}.Debug|Any CPU.ActiveCfg = Debug|Any CPU
		{E172D3FF-C931-495E-A5DB-3AF5C45B26AF}.Debug|Any CPU.Build.0 = Debug|Any CPU
		{E172D3FF-C931-495E-A5DB-3AF5C45B26AF}.Release|Any CPU.ActiveCfg = Release|Any CPU
		{E172D3FF-C931-495E-A5DB-3AF5C45B26AF}.Release|Any CPU.Build.0 = Release|Any CPU
		{5203A93D-8BB7-4852-B38C-1B867D00C005}.Debug|Any CPU.ActiveCfg = Debug|Any CPU
		{5203A93D-8BB7-4852-B38C-1B867D00C005}.Debug|Any CPU.Build.0 = Debug|Any CPU
		{5203A93D-8BB7-4852-B38C-1B867D00C005}.Release|Any CPU.ActiveCfg = Release|Any CPU
		{5203A93D-8BB7-4852-B38C-1B867D00C005}.Release|Any CPU.Build.0 = Release|Any CPU
		{493EE624-7E8F-47DC-B3BD-F5A83C3E4068}.Debug|Any CPU.ActiveCfg = Debug|Any CPU
		{493EE624-7E8F-47DC-B3BD-F5A83C3E4068}.Debug|Any CPU.Build.0 = Debug|Any CPU
		{493EE624-7E8F-47DC-B3BD-F5A83C3E4068}.Release|Any CPU.ActiveCfg = Release|Any CPU
		{493EE624-7E8F-47DC-B3BD-F5A83C3E4068}.Release|Any CPU.Build.0 = Release|Any CPU
		{FFFE6B9A-5753-460F-81B2-823C23BC4A3C}.Debug|Any CPU.ActiveCfg = Debug|Any CPU
		{FFFE6B9A-5753-460F-81B2-823C23BC4A3C}.Debug|Any CPU.Build.0 = Debug|Any CPU
		{FFFE6B9A-5753-460F-81B2-823C23BC4A3C}.Release|Any CPU.ActiveCfg = Release|Any CPU
		{FFFE6B9A-5753-460F-81B2-823C23BC4A3C}.Release|Any CPU.Build.0 = Release|Any CPU
		{16B05383-6F76-470C-BAB4-6FE8DE61EBAA}.Debug|Any CPU.ActiveCfg = Debug|Any CPU
		{16B05383-6F76-470C-BAB4-6FE8DE61EBAA}.Debug|Any CPU.Build.0 = Debug|Any CPU
		{16B05383-6F76-470C-BAB4-6FE8DE61EBAA}.Release|Any CPU.ActiveCfg = Release|Any CPU
		{16B05383-6F76-470C-BAB4-6FE8DE61EBAA}.Release|Any CPU.Build.0 = Release|Any CPU
		{DD9A1F60-DC62-40F8-9D2C-13053E5F6072}.Debug|Any CPU.ActiveCfg = Debug|Any CPU
		{DD9A1F60-DC62-40F8-9D2C-13053E5F6072}.Debug|Any CPU.Build.0 = Debug|Any CPU
		{DD9A1F60-DC62-40F8-9D2C-13053E5F6072}.Release|Any CPU.ActiveCfg = Release|Any CPU
		{DD9A1F60-DC62-40F8-9D2C-13053E5F6072}.Release|Any CPU.Build.0 = Release|Any CPU
		{93A1D90B-E5E8-4DB1-ABCA-F6DBBC162B0C}.Debug|Any CPU.ActiveCfg = Debug|Any CPU
		{93A1D90B-E5E8-4DB1-ABCA-F6DBBC162B0C}.Debug|Any CPU.Build.0 = Debug|Any CPU
		{93A1D90B-E5E8-4DB1-ABCA-F6DBBC162B0C}.Release|Any CPU.ActiveCfg = Release|Any CPU
		{93A1D90B-E5E8-4DB1-ABCA-F6DBBC162B0C}.Release|Any CPU.Build.0 = Release|Any CPU
		{FC008C16-D570-450B-8A62-6064E80595EB}.Debug|Any CPU.ActiveCfg = Debug|Any CPU
		{FC008C16-D570-450B-8A62-6064E80595EB}.Debug|Any CPU.Build.0 = Debug|Any CPU
		{FC008C16-D570-450B-8A62-6064E80595EB}.Release|Any CPU.ActiveCfg = Release|Any CPU
		{FC008C16-D570-450B-8A62-6064E80595EB}.Release|Any CPU.Build.0 = Release|Any CPU
		{F1A283CC-86E6-4194-98F7-C987CA5693C9}.Debug|Any CPU.ActiveCfg = Debug|Any CPU
		{F1A283CC-86E6-4194-98F7-C987CA5693C9}.Debug|Any CPU.Build.0 = Debug|Any CPU
		{F1A283CC-86E6-4194-98F7-C987CA5693C9}.Release|Any CPU.ActiveCfg = Release|Any CPU
		{F1A283CC-86E6-4194-98F7-C987CA5693C9}.Release|Any CPU.Build.0 = Release|Any CPU
		{EC9ABBE4-01A9-4F8F-BEA8-CFB0F2E1B4E4}.Debug|Any CPU.ActiveCfg = Debug|Any CPU
		{EC9ABBE4-01A9-4F8F-BEA8-CFB0F2E1B4E4}.Debug|Any CPU.Build.0 = Debug|Any CPU
		{EC9ABBE4-01A9-4F8F-BEA8-CFB0F2E1B4E4}.Release|Any CPU.ActiveCfg = Release|Any CPU
		{EC9ABBE4-01A9-4F8F-BEA8-CFB0F2E1B4E4}.Release|Any CPU.Build.0 = Release|Any CPU
		{7F0D2B4F-2BD3-4F17-867B-94EF4CB3E2DE}.Debug|Any CPU.ActiveCfg = Debug|Any CPU
		{7F0D2B4F-2BD3-4F17-867B-94EF4CB3E2DE}.Debug|Any CPU.Build.0 = Debug|Any CPU
		{7F0D2B4F-2BD3-4F17-867B-94EF4CB3E2DE}.Release|Any CPU.ActiveCfg = Release|Any CPU
		{7F0D2B4F-2BD3-4F17-867B-94EF4CB3E2DE}.Release|Any CPU.Build.0 = Release|Any CPU
		{0EE1D7CB-6107-419E-9884-1D50A0DF7306}.Debug|Any CPU.ActiveCfg = Debug|Any CPU
		{0EE1D7CB-6107-419E-9884-1D50A0DF7306}.Debug|Any CPU.Build.0 = Debug|Any CPU
		{0EE1D7CB-6107-419E-9884-1D50A0DF7306}.Release|Any CPU.ActiveCfg = Release|Any CPU
		{0EE1D7CB-6107-419E-9884-1D50A0DF7306}.Release|Any CPU.Build.0 = Release|Any CPU
		{3312904B-E11E-4934-8752-DBC0250D61E5}.Debug|Any CPU.ActiveCfg = Debug|Any CPU
		{3312904B-E11E-4934-8752-DBC0250D61E5}.Debug|Any CPU.Build.0 = Debug|Any CPU
		{3312904B-E11E-4934-8752-DBC0250D61E5}.Release|Any CPU.ActiveCfg = Release|Any CPU
		{3312904B-E11E-4934-8752-DBC0250D61E5}.Release|Any CPU.Build.0 = Release|Any CPU
		{DBA378A2-D68D-4A6A-82A7-6BF793F082BB}.Debug|Any CPU.ActiveCfg = Debug|Any CPU
		{DBA378A2-D68D-4A6A-82A7-6BF793F082BB}.Debug|Any CPU.Build.0 = Debug|Any CPU
		{DBA378A2-D68D-4A6A-82A7-6BF793F082BB}.Release|Any CPU.ActiveCfg = Release|Any CPU
		{DBA378A2-D68D-4A6A-82A7-6BF793F082BB}.Release|Any CPU.Build.0 = Release|Any CPU
		{908D22E4-1CC9-4B96-A470-9C79EE529D78}.Debug|Any CPU.ActiveCfg = Debug|Any CPU
		{908D22E4-1CC9-4B96-A470-9C79EE529D78}.Debug|Any CPU.Build.0 = Debug|Any CPU
		{908D22E4-1CC9-4B96-A470-9C79EE529D78}.Release|Any CPU.ActiveCfg = Release|Any CPU
		{908D22E4-1CC9-4B96-A470-9C79EE529D78}.Release|Any CPU.Build.0 = Release|Any CPU
		{619EA714-F180-4D6E-81DE-8611275B2FDB}.Debug|Any CPU.ActiveCfg = Debug|Any CPU
		{619EA714-F180-4D6E-81DE-8611275B2FDB}.Debug|Any CPU.Build.0 = Debug|Any CPU
		{619EA714-F180-4D6E-81DE-8611275B2FDB}.Release|Any CPU.ActiveCfg = Release|Any CPU
		{619EA714-F180-4D6E-81DE-8611275B2FDB}.Release|Any CPU.Build.0 = Release|Any CPU
		{C3B73A29-DC9A-43A0-B18E-47F2115FA18A}.Debug|Any CPU.ActiveCfg = Debug|Any CPU
		{C3B73A29-DC9A-43A0-B18E-47F2115FA18A}.Debug|Any CPU.Build.0 = Debug|Any CPU
		{C3B73A29-DC9A-43A0-B18E-47F2115FA18A}.Release|Any CPU.ActiveCfg = Release|Any CPU
		{C3B73A29-DC9A-43A0-B18E-47F2115FA18A}.Release|Any CPU.Build.0 = Release|Any CPU
		{B98E059F-AF65-4064-BE81-0D01B3EB0D9E}.Debug|Any CPU.ActiveCfg = Debug|Any CPU
		{B98E059F-AF65-4064-BE81-0D01B3EB0D9E}.Debug|Any CPU.Build.0 = Debug|Any CPU
		{B98E059F-AF65-4064-BE81-0D01B3EB0D9E}.Release|Any CPU.ActiveCfg = Release|Any CPU
		{B98E059F-AF65-4064-BE81-0D01B3EB0D9E}.Release|Any CPU.Build.0 = Release|Any CPU
		{9C349E42-67D8-4700-AAFC-88E639F230B5}.Debug|Any CPU.ActiveCfg = Debug|Any CPU
		{9C349E42-67D8-4700-AAFC-88E639F230B5}.Debug|Any CPU.Build.0 = Debug|Any CPU
		{9C349E42-67D8-4700-AAFC-88E639F230B5}.Release|Any CPU.ActiveCfg = Release|Any CPU
		{9C349E42-67D8-4700-AAFC-88E639F230B5}.Release|Any CPU.Build.0 = Release|Any CPU
		{4EE0EC1C-87E2-4B90-ACDE-4B78801353E2}.Debug|Any CPU.ActiveCfg = Debug|Any CPU
		{4EE0EC1C-87E2-4B90-ACDE-4B78801353E2}.Debug|Any CPU.Build.0 = Debug|Any CPU
		{4EE0EC1C-87E2-4B90-ACDE-4B78801353E2}.Release|Any CPU.ActiveCfg = Release|Any CPU
		{4EE0EC1C-87E2-4B90-ACDE-4B78801353E2}.Release|Any CPU.Build.0 = Release|Any CPU
		{F1660CA3-BBBE-42A1-B108-8D37F37CC6B0}.Debug|Any CPU.ActiveCfg = Debug|Any CPU
		{F1660CA3-BBBE-42A1-B108-8D37F37CC6B0}.Debug|Any CPU.Build.0 = Debug|Any CPU
		{F1660CA3-BBBE-42A1-B108-8D37F37CC6B0}.Release|Any CPU.ActiveCfg = Release|Any CPU
		{F1660CA3-BBBE-42A1-B108-8D37F37CC6B0}.Release|Any CPU.Build.0 = Release|Any CPU
		{1739D264-AB2A-417A-ADF8-9BD1A19FF789}.Debug|Any CPU.ActiveCfg = Debug|Any CPU
		{1739D264-AB2A-417A-ADF8-9BD1A19FF789}.Debug|Any CPU.Build.0 = Debug|Any CPU
		{1739D264-AB2A-417A-ADF8-9BD1A19FF789}.Release|Any CPU.ActiveCfg = Release|Any CPU
		{1739D264-AB2A-417A-ADF8-9BD1A19FF789}.Release|Any CPU.Build.0 = Release|Any CPU
		{C2141E8C-7060-446F-BF9F-1F37B64F72D2}.Debug|Any CPU.ActiveCfg = Debug|Any CPU
		{C2141E8C-7060-446F-BF9F-1F37B64F72D2}.Debug|Any CPU.Build.0 = Debug|Any CPU
		{C2141E8C-7060-446F-BF9F-1F37B64F72D2}.Release|Any CPU.ActiveCfg = Release|Any CPU
		{C2141E8C-7060-446F-BF9F-1F37B64F72D2}.Release|Any CPU.Build.0 = Release|Any CPU
		{1C46E45C-3DF8-429A-8A2D-62D0F68238BA}.Debug|Any CPU.ActiveCfg = Debug|Any CPU
		{1C46E45C-3DF8-429A-8A2D-62D0F68238BA}.Debug|Any CPU.Build.0 = Debug|Any CPU
		{1C46E45C-3DF8-429A-8A2D-62D0F68238BA}.Release|Any CPU.ActiveCfg = Release|Any CPU
		{1C46E45C-3DF8-429A-8A2D-62D0F68238BA}.Release|Any CPU.Build.0 = Release|Any CPU
		{0710A765-E0DF-4E04-A088-0AAF154FE40A}.Debug|Any CPU.ActiveCfg = Debug|Any CPU
		{0710A765-E0DF-4E04-A088-0AAF154FE40A}.Debug|Any CPU.Build.0 = Debug|Any CPU
		{0710A765-E0DF-4E04-A088-0AAF154FE40A}.Release|Any CPU.ActiveCfg = Release|Any CPU
		{0710A765-E0DF-4E04-A088-0AAF154FE40A}.Release|Any CPU.Build.0 = Release|Any CPU
		{33EE0031-B1AA-4C02-912E-86A29413D039}.Debug|Any CPU.ActiveCfg = Debug|Any CPU
		{33EE0031-B1AA-4C02-912E-86A29413D039}.Debug|Any CPU.Build.0 = Debug|Any CPU
		{33EE0031-B1AA-4C02-912E-86A29413D039}.Release|Any CPU.ActiveCfg = Release|Any CPU
		{33EE0031-B1AA-4C02-912E-86A29413D039}.Release|Any CPU.Build.0 = Release|Any CPU
		{F976B0A8-38A1-4AD5-A714-AAA2348D16C6}.Debug|Any CPU.ActiveCfg = Debug|Any CPU
		{F976B0A8-38A1-4AD5-A714-AAA2348D16C6}.Debug|Any CPU.Build.0 = Debug|Any CPU
		{F976B0A8-38A1-4AD5-A714-AAA2348D16C6}.Release|Any CPU.ActiveCfg = Release|Any CPU
		{F976B0A8-38A1-4AD5-A714-AAA2348D16C6}.Release|Any CPU.Build.0 = Release|Any CPU
		{2261A0EA-B171-428C-AC42-85DE04E805B1}.Debug|Any CPU.ActiveCfg = Debug|Any CPU
		{2261A0EA-B171-428C-AC42-85DE04E805B1}.Debug|Any CPU.Build.0 = Debug|Any CPU
		{2261A0EA-B171-428C-AC42-85DE04E805B1}.Release|Any CPU.ActiveCfg = Release|Any CPU
		{2261A0EA-B171-428C-AC42-85DE04E805B1}.Release|Any CPU.Build.0 = Release|Any CPU
		{5030B352-3E0B-4A30-88E1-3B5E3DC43C73}.Debug|Any CPU.ActiveCfg = Debug|Any CPU
		{5030B352-3E0B-4A30-88E1-3B5E3DC43C73}.Debug|Any CPU.Build.0 = Debug|Any CPU
		{5030B352-3E0B-4A30-88E1-3B5E3DC43C73}.Release|Any CPU.ActiveCfg = Release|Any CPU
		{5030B352-3E0B-4A30-88E1-3B5E3DC43C73}.Release|Any CPU.Build.0 = Release|Any CPU
		{525E4EE6-7484-4FF8-8BCB-1827251530C2}.Debug|Any CPU.ActiveCfg = Debug|Any CPU
		{525E4EE6-7484-4FF8-8BCB-1827251530C2}.Debug|Any CPU.Build.0 = Debug|Any CPU
		{525E4EE6-7484-4FF8-8BCB-1827251530C2}.Release|Any CPU.ActiveCfg = Release|Any CPU
		{525E4EE6-7484-4FF8-8BCB-1827251530C2}.Release|Any CPU.Build.0 = Release|Any CPU
		{07F026AA-4347-4D42-B96A-09698BC3A26E}.Debug|Any CPU.ActiveCfg = Debug|Any CPU
		{07F026AA-4347-4D42-B96A-09698BC3A26E}.Debug|Any CPU.Build.0 = Debug|Any CPU
		{07F026AA-4347-4D42-B96A-09698BC3A26E}.Release|Any CPU.ActiveCfg = Release|Any CPU
		{07F026AA-4347-4D42-B96A-09698BC3A26E}.Release|Any CPU.Build.0 = Release|Any CPU
		{909BB172-AF8C-4202-A48A-5F255A2F5878}.Debug|Any CPU.ActiveCfg = Debug|Any CPU
		{909BB172-AF8C-4202-A48A-5F255A2F5878}.Debug|Any CPU.Build.0 = Debug|Any CPU
		{909BB172-AF8C-4202-A48A-5F255A2F5878}.Release|Any CPU.ActiveCfg = Release|Any CPU
		{909BB172-AF8C-4202-A48A-5F255A2F5878}.Release|Any CPU.Build.0 = Release|Any CPU
		{BF21E40E-5ECB-4407-956D-CE1AC624C431}.Debug|Any CPU.ActiveCfg = Debug|Any CPU
		{BF21E40E-5ECB-4407-956D-CE1AC624C431}.Debug|Any CPU.Build.0 = Debug|Any CPU
		{BF21E40E-5ECB-4407-956D-CE1AC624C431}.Release|Any CPU.ActiveCfg = Release|Any CPU
		{BF21E40E-5ECB-4407-956D-CE1AC624C431}.Release|Any CPU.Build.0 = Release|Any CPU
		{61421B86-680A-451E-AC0D-3E5837515809}.Debug|Any CPU.ActiveCfg = Debug|Any CPU
		{61421B86-680A-451E-AC0D-3E5837515809}.Debug|Any CPU.Build.0 = Debug|Any CPU
		{61421B86-680A-451E-AC0D-3E5837515809}.Release|Any CPU.ActiveCfg = Release|Any CPU
		{61421B86-680A-451E-AC0D-3E5837515809}.Release|Any CPU.Build.0 = Release|Any CPU
		{30DD9A72-A393-41D1-BF98-CBA1BF82F6DF}.Debug|Any CPU.ActiveCfg = Debug|Any CPU
		{30DD9A72-A393-41D1-BF98-CBA1BF82F6DF}.Debug|Any CPU.Build.0 = Debug|Any CPU
		{30DD9A72-A393-41D1-BF98-CBA1BF82F6DF}.Release|Any CPU.ActiveCfg = Release|Any CPU
		{30DD9A72-A393-41D1-BF98-CBA1BF82F6DF}.Release|Any CPU.Build.0 = Release|Any CPU
		{F00AEB35-21EB-4AB6-B8CA-06071C11667F}.Debug|Any CPU.ActiveCfg = Debug|Any CPU
		{F00AEB35-21EB-4AB6-B8CA-06071C11667F}.Debug|Any CPU.Build.0 = Debug|Any CPU
		{F00AEB35-21EB-4AB6-B8CA-06071C11667F}.Release|Any CPU.ActiveCfg = Release|Any CPU
		{F00AEB35-21EB-4AB6-B8CA-06071C11667F}.Release|Any CPU.Build.0 = Release|Any CPU
		{C3B0C396-765D-4689-8233-DF2F17C1419B}.Debug|Any CPU.ActiveCfg = Debug|Any CPU
		{C3B0C396-765D-4689-8233-DF2F17C1419B}.Debug|Any CPU.Build.0 = Debug|Any CPU
		{C3B0C396-765D-4689-8233-DF2F17C1419B}.Release|Any CPU.ActiveCfg = Release|Any CPU
		{C3B0C396-765D-4689-8233-DF2F17C1419B}.Release|Any CPU.Build.0 = Release|Any CPU
		{F5CCEB00-FC4E-432D-A0C2-3167A4E07F17}.Debug|Any CPU.ActiveCfg = Debug|Any CPU
		{F5CCEB00-FC4E-432D-A0C2-3167A4E07F17}.Debug|Any CPU.Build.0 = Debug|Any CPU
		{F5CCEB00-FC4E-432D-A0C2-3167A4E07F17}.Release|Any CPU.ActiveCfg = Release|Any CPU
		{F5CCEB00-FC4E-432D-A0C2-3167A4E07F17}.Release|Any CPU.Build.0 = Release|Any CPU
	EndGlobalSection
	GlobalSection(SolutionProperties) = preSolution
		HideSolutionNode = FALSE
	EndGlobalSection
	GlobalSection(NestedProjects) = preSolution
		{8A8BFE0E-1545-4152-96FC-23E72F1D0DF2} = {08517E60-A9EA-4803-AB2D-5A15C6608C3E}
		{CD4E5183-CB9C-433D-86DF-FC0F5A16B94B} = {70DAB166-3BB2-4585-A8E7-C255E898D777}
		{44FBE17A-1E96-4E43-A20F-B1806DB6AF98} = {17B2F597-9A74-4B24-83E1-07CD8FF9B9B5}
		{B629974F-C31F-4E05-8AD7-CD137DC84505} = {34A7625D-A639-4855-B49F-FA1EF91377A4}
		{AAE9E7FF-8EE5-4CA0-87CF-7E0026E62CC7} = {FA828466-0901-42FA-8BE9-FE3DA18E589D}
		{BE5C7EC3-7379-4D87-89EB-F3705182B873} = {17B2F597-9A74-4B24-83E1-07CD8FF9B9B5}
		{28B146D0-3785-4386-BD4F-55DD29A1C76D} = {1A353687-93AC-4112-87CF-42CFE6E2F84C}
		{AD76D2CC-3AEC-424C-B2BE-67084A0EFE43} = {96A6A15D-4B88-4732-A83D-BDBB235B8589}
		{08517E60-A9EA-4803-AB2D-5A15C6608C3E} = {C2F6430A-4C2E-495B-9556-7EF1A3A1C2B8}
		{F482D521-0DDF-4703-B9EA-568652DB669A} = {FA828466-0901-42FA-8BE9-FE3DA18E589D}
		{318AA51A-C5C1-40D0-B3AB-D15CFF4565FC} = {08517E60-A9EA-4803-AB2D-5A15C6608C3E}
		{FA828466-0901-42FA-8BE9-FE3DA18E589D} = {C2F6430A-4C2E-495B-9556-7EF1A3A1C2B8}
		{34A7625D-A639-4855-B49F-FA1EF91377A4} = {C2F6430A-4C2E-495B-9556-7EF1A3A1C2B8}
		{6984B285-11D0-418B-A973-7D98C81A39E2} = {C7F0DB78-F8D7-4074-A2D7-A14490AAA398}
		{09C0522B-057B-4B2C-A983-8F9CF5103AE5} = {C7F0DB78-F8D7-4074-A2D7-A14490AAA398}
		{C7F0DB78-F8D7-4074-A2D7-A14490AAA398} = {C2F6430A-4C2E-495B-9556-7EF1A3A1C2B8}
		{D8DE754F-9C93-49C4-9117-B0CB7ABBA023} = {8F0499A9-8EBD-4C79-9555-F29F29B9A734}
		{1A353687-93AC-4112-87CF-42CFE6E2F84C} = {8F0499A9-8EBD-4C79-9555-F29F29B9A734}
		{306B8FC0-EF02-423E-8D6B-6BCE8141FF52} = {12657C50-EDB1-4ED5-85C2-B08FFF18C114}
		{E172D3FF-C931-495E-A5DB-3AF5C45B26AF} = {34A7625D-A639-4855-B49F-FA1EF91377A4}
		{5203A93D-8BB7-4852-B38C-1B867D00C005} = {C7F0DB78-F8D7-4074-A2D7-A14490AAA398}
		{493EE624-7E8F-47DC-B3BD-F5A83C3E4068} = {17B2F597-9A74-4B24-83E1-07CD8FF9B9B5}
		{FFFE6B9A-5753-460F-81B2-823C23BC4A3C} = {34A7625D-A639-4855-B49F-FA1EF91377A4}
		{17B2F597-9A74-4B24-83E1-07CD8FF9B9B5} = {C2F6430A-4C2E-495B-9556-7EF1A3A1C2B8}
		{16B05383-6F76-470C-BAB4-6FE8DE61EBAA} = {08517E60-A9EA-4803-AB2D-5A15C6608C3E}
		{70DAB166-3BB2-4585-A8E7-C255E898D777} = {C2F6430A-4C2E-495B-9556-7EF1A3A1C2B8}
		{DD9A1F60-DC62-40F8-9D2C-13053E5F6072} = {C7F0DB78-F8D7-4074-A2D7-A14490AAA398}
		{93A1D90B-E5E8-4DB1-ABCA-F6DBBC162B0C} = {1A6FE096-2D99-4CB7-B6ED-C0E71E3FE9E6}
		{FC008C16-D570-450B-8A62-6064E80595EB} = {1A6FE096-2D99-4CB7-B6ED-C0E71E3FE9E6}
		{F1A283CC-86E6-4194-98F7-C987CA5693C9} = {1A6FE096-2D99-4CB7-B6ED-C0E71E3FE9E6}
		{12657C50-EDB1-4ED5-85C2-B08FFF18C114} = {1A353687-93AC-4112-87CF-42CFE6E2F84C}
		{1A6FE096-2D99-4CB7-B6ED-C0E71E3FE9E6} = {1A353687-93AC-4112-87CF-42CFE6E2F84C}
		{2C757E6E-DA05-46C4-8A5A-E380C7CA732B} = {1A353687-93AC-4112-87CF-42CFE6E2F84C}
		{EC9ABBE4-01A9-4F8F-BEA8-CFB0F2E1B4E4} = {2C757E6E-DA05-46C4-8A5A-E380C7CA732B}
		{7F0D2B4F-2BD3-4F17-867B-94EF4CB3E2DE} = {2C757E6E-DA05-46C4-8A5A-E380C7CA732B}
		{0EE1D7CB-6107-419E-9884-1D50A0DF7306} = {2C757E6E-DA05-46C4-8A5A-E380C7CA732B}
		{96A6A15D-4B88-4732-A83D-BDBB235B8589} = {C2F6430A-4C2E-495B-9556-7EF1A3A1C2B8}
		{3312904B-E11E-4934-8752-DBC0250D61E5} = {B1A13EB5-D01D-4D4F-BBFB-803A6464D831}
		{B1A13EB5-D01D-4D4F-BBFB-803A6464D831} = {1A353687-93AC-4112-87CF-42CFE6E2F84C}
		{DBA378A2-D68D-4A6A-82A7-6BF793F082BB} = {C7F0DB78-F8D7-4074-A2D7-A14490AAA398}
		{908D22E4-1CC9-4B96-A470-9C79EE529D78} = {FA828466-0901-42FA-8BE9-FE3DA18E589D}
		{619EA714-F180-4D6E-81DE-8611275B2FDB} = {70DAB166-3BB2-4585-A8E7-C255E898D777}
		{C3B73A29-DC9A-43A0-B18E-47F2115FA18A} = {C7F0DB78-F8D7-4074-A2D7-A14490AAA398}
		{B98E059F-AF65-4064-BE81-0D01B3EB0D9E} = {C7F0DB78-F8D7-4074-A2D7-A14490AAA398}
		{9C349E42-67D8-4700-AAFC-88E639F230B5} = {C7F0DB78-F8D7-4074-A2D7-A14490AAA398}
		{4EE0EC1C-87E2-4B90-ACDE-4B78801353E2} = {C7F0DB78-F8D7-4074-A2D7-A14490AAA398}
		{F1660CA3-BBBE-42A1-B108-8D37F37CC6B0} = {C7F0DB78-F8D7-4074-A2D7-A14490AAA398}
		{A2CE7430-F7EA-4165-89A1-E3341B8FBFF8} = {C2F6430A-4C2E-495B-9556-7EF1A3A1C2B8}
		{1739D264-AB2A-417A-ADF8-9BD1A19FF789} = {A2CE7430-F7EA-4165-89A1-E3341B8FBFF8}
		{3B09F420-8C13-4A60-ACC0-41E9F0AF48F8} = {C2F6430A-4C2E-495B-9556-7EF1A3A1C2B8}
		{C2141E8C-7060-446F-BF9F-1F37B64F72D2} = {3B09F420-8C13-4A60-ACC0-41E9F0AF48F8}
		{1C46E45C-3DF8-429A-8A2D-62D0F68238BA} = {3B09F420-8C13-4A60-ACC0-41E9F0AF48F8}
		{0710A765-E0DF-4E04-A088-0AAF154FE40A} = {3B09F420-8C13-4A60-ACC0-41E9F0AF48F8}
		{33EE0031-B1AA-4C02-912E-86A29413D039} = {FA828466-0901-42FA-8BE9-FE3DA18E589D}
		{F976B0A8-38A1-4AD5-A714-AAA2348D16C6} = {D8DE754F-9C93-49C4-9117-B0CB7ABBA023}
		{2261A0EA-B171-428C-AC42-85DE04E805B1} = {D8DE754F-9C93-49C4-9117-B0CB7ABBA023}
		{5030B352-3E0B-4A30-88E1-3B5E3DC43C73} = {D8DE754F-9C93-49C4-9117-B0CB7ABBA023}
		{525E4EE6-7484-4FF8-8BCB-1827251530C2} = {D8DE754F-9C93-49C4-9117-B0CB7ABBA023}
		{07F026AA-4347-4D42-B96A-09698BC3A26E} = {D8DE754F-9C93-49C4-9117-B0CB7ABBA023}
		{909BB172-AF8C-4202-A48A-5F255A2F5878} = {D8DE754F-9C93-49C4-9117-B0CB7ABBA023}
		{BF21E40E-5ECB-4407-956D-CE1AC624C431} = {34A7625D-A639-4855-B49F-FA1EF91377A4}
		{61421B86-680A-451E-AC0D-3E5837515809} = {B1A13EB5-D01D-4D4F-BBFB-803A6464D831}
		{30DD9A72-A393-41D1-BF98-CBA1BF82F6DF} = {12657C50-EDB1-4ED5-85C2-B08FFF18C114}
		{F00AEB35-21EB-4AB6-B8CA-06071C11667F} = {34A7625D-A639-4855-B49F-FA1EF91377A4}
		{C3B0C396-765D-4689-8233-DF2F17C1419B} = {34A7625D-A639-4855-B49F-FA1EF91377A4}
		{F5CCEB00-FC4E-432D-A0C2-3167A4E07F17} = {FA828466-0901-42FA-8BE9-FE3DA18E589D}
	EndGlobalSection
	GlobalSection(ExtensibilityGlobals) = postSolution
		SolutionGuid = {E07ED662-9390-431F-B4D6-BDA65FE4169A}
	EndGlobalSection
EndGlobal
